// !$*UTF8*$!
{
	archiveVersion = 1;
	classes = {
	};
	objectVersion = 50;
	objects = {

/* Begin PBXBuildFile section */
		0415730620871E7000FC4557 /* NewsFlashViewController.swift in Sources */ = {isa = PBXBuildFile; fileRef = 0415730520871E7000FC4557 /* NewsFlashViewController.swift */; };
		041599122092DD0200EDD5A2 /* NewsFlash.swift in Sources */ = {isa = PBXBuildFile; fileRef = 041599112092DD0200EDD5A2 /* NewsFlash.swift */; };
		041599142092E7F500EDD5A2 /* NewsFlashView.swift in Sources */ = {isa = PBXBuildFile; fileRef = 041599132092E7F500EDD5A2 /* NewsFlashView.swift */; };
		041F40D4207EDD48008DCA69 /* AppDelegate.swift in Sources */ = {isa = PBXBuildFile; fileRef = 041F40D3207EDD48008DCA69 /* AppDelegate.swift */; };
		041F40D6207EDD48008DCA69 /* ViewController.swift in Sources */ = {isa = PBXBuildFile; fileRef = 041F40D5207EDD48008DCA69 /* ViewController.swift */; };
		041F40D9207EDD48008DCA69 /* Main.storyboard in Resources */ = {isa = PBXBuildFile; fileRef = 041F40D7207EDD48008DCA69 /* Main.storyboard */; };
		041F40DC207EDD48008DCA69 /* news_app_for_blockchain.xcdatamodeld in Sources */ = {isa = PBXBuildFile; fileRef = 041F40DA207EDD48008DCA69 /* news_app_for_blockchain.xcdatamodeld */; };
		041F40DE207EDD49008DCA69 /* Assets.xcassets in Resources */ = {isa = PBXBuildFile; fileRef = 041F40DD207EDD49008DCA69 /* Assets.xcassets */; };
		041F40E1207EDD49008DCA69 /* LaunchScreen.storyboard in Resources */ = {isa = PBXBuildFile; fileRef = 041F40DF207EDD49008DCA69 /* LaunchScreen.storyboard */; };
		049968E1208D7D090078536A /* TimelineTableViewController.swift in Sources */ = {isa = PBXBuildFile; fileRef = 049968E0208D7D090078536A /* TimelineTableViewController.swift */; };
		FAC17EFFA9174369FA91CAE4 /* Pods_news_app_for_blockchain.framework in Frameworks */ = {isa = PBXBuildFile; fileRef = D6FA77B53A667AF4297A6706 /* Pods_news_app_for_blockchain.framework */; };
/* End PBXBuildFile section */

/* Begin PBXFileReference section */
		0415730520871E7000FC4557 /* NewsFlashViewController.swift */ = {isa = PBXFileReference; lastKnownFileType = sourcecode.swift; path = NewsFlashViewController.swift; sourceTree = "<group>"; };
		041599112092DD0200EDD5A2 /* NewsFlash.swift */ = {isa = PBXFileReference; lastKnownFileType = sourcecode.swift; path = NewsFlash.swift; sourceTree = "<group>"; };
		041599132092E7F500EDD5A2 /* NewsFlashView.swift */ = {isa = PBXFileReference; lastKnownFileType = sourcecode.swift; path = NewsFlashView.swift; sourceTree = "<group>"; };
		041F40D0207EDD48008DCA69 /* news app for blockchain.app */ = {isa = PBXFileReference; explicitFileType = wrapper.application; includeInIndex = 0; path = "news app for blockchain.app"; sourceTree = BUILT_PRODUCTS_DIR; };
		041F40D3207EDD48008DCA69 /* AppDelegate.swift */ = {isa = PBXFileReference; lastKnownFileType = sourcecode.swift; path = AppDelegate.swift; sourceTree = "<group>"; };
		041F40D5207EDD48008DCA69 /* ViewController.swift */ = {isa = PBXFileReference; lastKnownFileType = sourcecode.swift; path = ViewController.swift; sourceTree = "<group>"; };
		041F40D8207EDD48008DCA69 /* Base */ = {isa = PBXFileReference; lastKnownFileType = file.storyboard; name = Base; path = Base.lproj/Main.storyboard; sourceTree = "<group>"; };
		041F40DB207EDD48008DCA69 /* news_app_for_blockchain.xcdatamodel */ = {isa = PBXFileReference; lastKnownFileType = wrapper.xcdatamodel; path = news_app_for_blockchain.xcdatamodel; sourceTree = "<group>"; };
		041F40DD207EDD49008DCA69 /* Assets.xcassets */ = {isa = PBXFileReference; lastKnownFileType = folder.assetcatalog; path = Assets.xcassets; sourceTree = "<group>"; };
		041F40E0207EDD49008DCA69 /* Base */ = {isa = PBXFileReference; lastKnownFileType = file.storyboard; name = Base; path = Base.lproj/LaunchScreen.storyboard; sourceTree = "<group>"; };
		041F40E2207EDD49008DCA69 /* Info.plist */ = {isa = PBXFileReference; lastKnownFileType = text.plist.xml; path = Info.plist; sourceTree = "<group>"; };
		049968E0208D7D090078536A /* TimelineTableViewController.swift */ = {isa = PBXFileReference; lastKnownFileType = sourcecode.swift; path = TimelineTableViewController.swift; sourceTree = "<group>"; };
		AF335468AB7AE16EB4646891 /* Pods-news app for blockchain.release.xcconfig */ = {isa = PBXFileReference; includeInIndex = 1; lastKnownFileType = text.xcconfig; name = "Pods-news app for blockchain.release.xcconfig"; path = "Pods/Target Support Files/Pods-news app for blockchain/Pods-news app for blockchain.release.xcconfig"; sourceTree = "<group>"; };
		B5C51F49BD9D7EBC19255EF6 /* Pods-news app for blockchain.debug.xcconfig */ = {isa = PBXFileReference; includeInIndex = 1; lastKnownFileType = text.xcconfig; name = "Pods-news app for blockchain.debug.xcconfig"; path = "Pods/Target Support Files/Pods-news app for blockchain/Pods-news app for blockchain.debug.xcconfig"; sourceTree = "<group>"; };
		D6FA77B53A667AF4297A6706 /* Pods_news_app_for_blockchain.framework */ = {isa = PBXFileReference; explicitFileType = wrapper.framework; includeInIndex = 0; path = Pods_news_app_for_blockchain.framework; sourceTree = BUILT_PRODUCTS_DIR; };
/* End PBXFileReference section */

/* Begin PBXFrameworksBuildPhase section */
		041F40CD207EDD48008DCA69 /* Frameworks */ = {
			isa = PBXFrameworksBuildPhase;
			buildActionMask = 2147483647;
			files = (
				FAC17EFFA9174369FA91CAE4 /* Pods_news_app_for_blockchain.framework in Frameworks */,
			);
			runOnlyForDeploymentPostprocessing = 0;
		};
/* End PBXFrameworksBuildPhase section */

/* Begin PBXGroup section */
		041F40C7207EDD47008DCA69 = {
			isa = PBXGroup;
			children = (
				041F40D2207EDD48008DCA69 /* news app for blockchain */,
				041F40D1207EDD48008DCA69 /* Products */,
				897F039D03BB793D6A335682 /* Pods */,
				1F5A2A758F467E4E3FD3E288 /* Frameworks */,
			);
			sourceTree = "<group>";
		};
		041F40D1207EDD48008DCA69 /* Products */ = {
			isa = PBXGroup;
			children = (
				041F40D0207EDD48008DCA69 /* news app for blockchain.app */,
			);
			name = Products;
			sourceTree = "<group>";
		};
		041F40D2207EDD48008DCA69 /* news app for blockchain */ = {
			isa = PBXGroup;
			children = (
				041F40D3207EDD48008DCA69 /* AppDelegate.swift */,
				041F40D5207EDD48008DCA69 /* ViewController.swift */,
				041F40D7207EDD48008DCA69 /* Main.storyboard */,
				041599132092E7F500EDD5A2 /* NewsFlashView.swift */,
				0415730520871E7000FC4557 /* NewsFlashViewController.swift */,
				041F40DD207EDD49008DCA69 /* Assets.xcassets */,
				041F40DF207EDD49008DCA69 /* LaunchScreen.storyboard */,
				041F40E2207EDD49008DCA69 /* Info.plist */,
				041F40DA207EDD48008DCA69 /* news_app_for_blockchain.xcdatamodeld */,
				049968E0208D7D090078536A /* TimelineTableViewController.swift */,
				041599112092DD0200EDD5A2 /* NewsFlash.swift */,
			);
			path = "news app for blockchain";
			sourceTree = "<group>";
		};
		1F5A2A758F467E4E3FD3E288 /* Frameworks */ = {
			isa = PBXGroup;
			children = (
				D6FA77B53A667AF4297A6706 /* Pods_news_app_for_blockchain.framework */,
			);
			name = Frameworks;
			sourceTree = "<group>";
		};
		897F039D03BB793D6A335682 /* Pods */ = {
			isa = PBXGroup;
			children = (
				B5C51F49BD9D7EBC19255EF6 /* Pods-news app for blockchain.debug.xcconfig */,
				AF335468AB7AE16EB4646891 /* Pods-news app for blockchain.release.xcconfig */,
			);
			name = Pods;
			sourceTree = "<group>";
		};
/* End PBXGroup section */

/* Begin PBXNativeTarget section */
		041F40CF207EDD48008DCA69 /* news app for blockchain */ = {
			isa = PBXNativeTarget;
			buildConfigurationList = 041F40E5207EDD49008DCA69 /* Build configuration list for PBXNativeTarget "news app for blockchain" */;
			buildPhases = (
				1AF6A85D4473C6297207A333 /* [CP] Check Pods Manifest.lock */,
				041F40CC207EDD48008DCA69 /* Sources */,
				041F40CD207EDD48008DCA69 /* Frameworks */,
				041F40CE207EDD48008DCA69 /* Resources */,
				17A586B9548C10FB48528F22 /* [CP] Embed Pods Frameworks */,
			);
			buildRules = (
			);
			dependencies = (
			);
			name = "news app for blockchain";
			productName = "news app for blockchain";
			productReference = 041F40D0207EDD48008DCA69 /* news app for blockchain.app */;
			productType = "com.apple.product-type.application";
		};
/* End PBXNativeTarget section */

/* Begin PBXProject section */
		041F40C8207EDD47008DCA69 /* Project object */ = {
			isa = PBXProject;
			attributes = {
				LastSwiftUpdateCheck = 0930;
				LastUpgradeCheck = 0930;
				ORGANIZATIONNAME = "Sheng Li";
				TargetAttributes = {
					041F40CF207EDD48008DCA69 = {
						CreatedOnToolsVersion = 9.3;
					};
				};
			};
			buildConfigurationList = 041F40CB207EDD47008DCA69 /* Build configuration list for PBXProject "news app for blockchain" */;
			compatibilityVersion = "Xcode 9.3";
			developmentRegion = en;
			hasScannedForEncodings = 0;
			knownRegions = (
				en,
				Base,
			);
			mainGroup = 041F40C7207EDD47008DCA69;
			productRefGroup = 041F40D1207EDD48008DCA69 /* Products */;
			projectDirPath = "";
			projectRoot = "";
			targets = (
				041F40CF207EDD48008DCA69 /* news app for blockchain */,
			);
		};
/* End PBXProject section */

/* Begin PBXResourcesBuildPhase section */
		041F40CE207EDD48008DCA69 /* Resources */ = {
			isa = PBXResourcesBuildPhase;
			buildActionMask = 2147483647;
			files = (
				041F40E1207EDD49008DCA69 /* LaunchScreen.storyboard in Resources */,
				041F40DE207EDD49008DCA69 /* Assets.xcassets in Resources */,
				041F40D9207EDD48008DCA69 /* Main.storyboard in Resources */,
			);
			runOnlyForDeploymentPostprocessing = 0;
		};
/* End PBXResourcesBuildPhase section */

/* Begin PBXShellScriptBuildPhase section */
		17A586B9548C10FB48528F22 /* [CP] Embed Pods Frameworks */ = {
			isa = PBXShellScriptBuildPhase;
			buildActionMask = 2147483647;
			files = (
			);
			inputPaths = (
				"${SRCROOT}/Pods/Target Support Files/Pods-news app for blockchain/Pods-news app for blockchain-frameworks.sh",
				"${BUILT_PRODUCTS_DIR}/Alamofire/Alamofire.framework",
				"${BUILT_PRODUCTS_DIR}/Realm/Realm.framework",
				"${BUILT_PRODUCTS_DIR}/RealmSwift/RealmSwift.framework",
				"${BUILT_PRODUCTS_DIR}/RxCocoa/RxCocoa.framework",
				"${BUILT_PRODUCTS_DIR}/RxJSON/RxJSON.framework",
				"${BUILT_PRODUCTS_DIR}/RxSwift/RxSwift.framework",
				"${BUILT_PRODUCTS_DIR}/SwiftyJSON/SwiftyJSON.framework",
				"${BUILT_PRODUCTS_DIR}/TimelineTableViewCell/TimelineTableViewCell.framework",
			);
			name = "[CP] Embed Pods Frameworks";
			outputPaths = (
				"${TARGET_BUILD_DIR}/${FRAMEWORKS_FOLDER_PATH}/Alamofire.framework",
				"${TARGET_BUILD_DIR}/${FRAMEWORKS_FOLDER_PATH}/Realm.framework",
				"${TARGET_BUILD_DIR}/${FRAMEWORKS_FOLDER_PATH}/RealmSwift.framework",
				"${TARGET_BUILD_DIR}/${FRAMEWORKS_FOLDER_PATH}/RxCocoa.framework",
				"${TARGET_BUILD_DIR}/${FRAMEWORKS_FOLDER_PATH}/RxJSON.framework",
				"${TARGET_BUILD_DIR}/${FRAMEWORKS_FOLDER_PATH}/RxSwift.framework",
				"${TARGET_BUILD_DIR}/${FRAMEWORKS_FOLDER_PATH}/SwiftyJSON.framework",
				"${TARGET_BUILD_DIR}/${FRAMEWORKS_FOLDER_PATH}/TimelineTableViewCell.framework",
			);
			runOnlyForDeploymentPostprocessing = 0;
			shellPath = /bin/sh;
			shellScript = "\"${SRCROOT}/Pods/Target Support Files/Pods-news app for blockchain/Pods-news app for blockchain-frameworks.sh\"\n";
			showEnvVarsInLog = 0;
		};
		1AF6A85D4473C6297207A333 /* [CP] Check Pods Manifest.lock */ = {
			isa = PBXShellScriptBuildPhase;
			buildActionMask = 2147483647;
			files = (
			);
			inputPaths = (
				"${PODS_PODFILE_DIR_PATH}/Podfile.lock",
				"${PODS_ROOT}/Manifest.lock",
			);
			name = "[CP] Check Pods Manifest.lock";
			outputPaths = (
				"$(DERIVED_FILE_DIR)/Pods-news app for blockchain-checkManifestLockResult.txt",
			);
			runOnlyForDeploymentPostprocessing = 0;
			shellPath = /bin/sh;
			shellScript = "diff \"${PODS_PODFILE_DIR_PATH}/Podfile.lock\" \"${PODS_ROOT}/Manifest.lock\" > /dev/null\nif [ $? != 0 ] ; then\n    # print error to STDERR\n    echo \"error: The sandbox is not in sync with the Podfile.lock. Run 'pod install' or update your CocoaPods installation.\" >&2\n    exit 1\nfi\n# This output is used by Xcode 'outputs' to avoid re-running this script phase.\necho \"SUCCESS\" > \"${SCRIPT_OUTPUT_FILE_0}\"\n";
			showEnvVarsInLog = 0;
		};
/* End PBXShellScriptBuildPhase section */

/* Begin PBXSourcesBuildPhase section */
		041F40CC207EDD48008DCA69 /* Sources */ = {
			isa = PBXSourcesBuildPhase;
			buildActionMask = 2147483647;
			files = (
				0415730620871E7000FC4557 /* NewsFlashViewController.swift in Sources */,
				041F40DC207EDD48008DCA69 /* news_app_for_blockchain.xcdatamodeld in Sources */,
				041F40D6207EDD48008DCA69 /* ViewController.swift in Sources */,
				041599122092DD0200EDD5A2 /* NewsFlash.swift in Sources */,
				049968E1208D7D090078536A /* TimelineTableViewController.swift in Sources */,
				041F40D4207EDD48008DCA69 /* AppDelegate.swift in Sources */,
				041599142092E7F500EDD5A2 /* NewsFlashView.swift in Sources */,
			);
			runOnlyForDeploymentPostprocessing = 0;
		};
/* End PBXSourcesBuildPhase section */

/* Begin PBXVariantGroup section */
		041F40D7207EDD48008DCA69 /* Main.storyboard */ = {
			isa = PBXVariantGroup;
			children = (
				041F40D8207EDD48008DCA69 /* Base */,
			);
			name = Main.storyboard;
			sourceTree = "<group>";
		};
		041F40DF207EDD49008DCA69 /* LaunchScreen.storyboard */ = {
			isa = PBXVariantGroup;
			children = (
				041F40E0207EDD49008DCA69 /* Base */,
			);
			name = LaunchScreen.storyboard;
			sourceTree = "<group>";
		};
/* End PBXVariantGroup section */

/* Begin XCBuildConfiguration section */
		041F40E3207EDD49008DCA69 /* Debug */ = {
			isa = XCBuildConfiguration;
			buildSettings = {
				ALWAYS_SEARCH_USER_PATHS = NO;
				CLANG_ANALYZER_NONNULL = YES;
				CLANG_ANALYZER_NUMBER_OBJECT_CONVERSION = YES_AGGRESSIVE;
				CLANG_CXX_LANGUAGE_STANDARD = "gnu++14";
				CLANG_CXX_LIBRARY = "libc++";
				CLANG_ENABLE_MODULES = YES;
				CLANG_ENABLE_OBJC_ARC = YES;
				CLANG_ENABLE_OBJC_WEAK = YES;
				CLANG_WARN_BLOCK_CAPTURE_AUTORELEASING = YES;
				CLANG_WARN_BOOL_CONVERSION = YES;
				CLANG_WARN_COMMA = YES;
				CLANG_WARN_CONSTANT_CONVERSION = YES;
				CLANG_WARN_DEPRECATED_OBJC_IMPLEMENTATIONS = YES;
				CLANG_WARN_DIRECT_OBJC_ISA_USAGE = YES_ERROR;
				CLANG_WARN_DOCUMENTATION_COMMENTS = YES;
				CLANG_WARN_EMPTY_BODY = YES;
				CLANG_WARN_ENUM_CONVERSION = YES;
				CLANG_WARN_INFINITE_RECURSION = YES;
				CLANG_WARN_INT_CONVERSION = YES;
				CLANG_WARN_NON_LITERAL_NULL_CONVERSION = YES;
				CLANG_WARN_OBJC_IMPLICIT_RETAIN_SELF = YES;
				CLANG_WARN_OBJC_LITERAL_CONVERSION = YES;
				CLANG_WARN_OBJC_ROOT_CLASS = YES_ERROR;
				CLANG_WARN_RANGE_LOOP_ANALYSIS = YES;
				CLANG_WARN_STRICT_PROTOTYPES = YES;
				CLANG_WARN_SUSPICIOUS_MOVE = YES;
				CLANG_WARN_UNGUARDED_AVAILABILITY = YES_AGGRESSIVE;
				CLANG_WARN_UNREACHABLE_CODE = YES;
				CLANG_WARN__DUPLICATE_METHOD_MATCH = YES;
				CODE_SIGN_IDENTITY = "iPhone Developer";
				COPY_PHASE_STRIP = NO;
				DEBUG_INFORMATION_FORMAT = dwarf;
				ENABLE_STRICT_OBJC_MSGSEND = YES;
				ENABLE_TESTABILITY = YES;
				GCC_C_LANGUAGE_STANDARD = gnu11;
				GCC_DYNAMIC_NO_PIC = NO;
				GCC_NO_COMMON_BLOCKS = YES;
				GCC_OPTIMIZATION_LEVEL = 0;
				GCC_PREPROCESSOR_DEFINITIONS = (
					"DEBUG=1",
					"$(inherited)",
				);
				GCC_WARN_64_TO_32_BIT_CONVERSION = YES;
				GCC_WARN_ABOUT_RETURN_TYPE = YES_ERROR;
				GCC_WARN_UNDECLARED_SELECTOR = YES;
				GCC_WARN_UNINITIALIZED_AUTOS = YES_AGGRESSIVE;
				GCC_WARN_UNUSED_FUNCTION = YES;
				GCC_WARN_UNUSED_VARIABLE = YES;
				IPHONEOS_DEPLOYMENT_TARGET = 11.3;
				MTL_ENABLE_DEBUG_INFO = YES;
				ONLY_ACTIVE_ARCH = YES;
				SDKROOT = iphoneos;
				SWIFT_ACTIVE_COMPILATION_CONDITIONS = DEBUG;
				SWIFT_OPTIMIZATION_LEVEL = "-Onone";
			};
			name = Debug;
		};
		041F40E4207EDD49008DCA69 /* Release */ = {
			isa = XCBuildConfiguration;
			buildSettings = {
				ALWAYS_SEARCH_USER_PATHS = NO;
				CLANG_ANALYZER_NONNULL = YES;
				CLANG_ANALYZER_NUMBER_OBJECT_CONVERSION = YES_AGGRESSIVE;
				CLANG_CXX_LANGUAGE_STANDARD = "gnu++14";
				CLANG_CXX_LIBRARY = "libc++";
				CLANG_ENABLE_MODULES = YES;
				CLANG_ENABLE_OBJC_ARC = YES;
				CLANG_ENABLE_OBJC_WEAK = YES;
				CLANG_WARN_BLOCK_CAPTURE_AUTORELEASING = YES;
				CLANG_WARN_BOOL_CONVERSION = YES;
				CLANG_WARN_COMMA = YES;
				CLANG_WARN_CONSTANT_CONVERSION = YES;
				CLANG_WARN_DEPRECATED_OBJC_IMPLEMENTATIONS = YES;
				CLANG_WARN_DIRECT_OBJC_ISA_USAGE = YES_ERROR;
				CLANG_WARN_DOCUMENTATION_COMMENTS = YES;
				CLANG_WARN_EMPTY_BODY = YES;
				CLANG_WARN_ENUM_CONVERSION = YES;
				CLANG_WARN_INFINITE_RECURSION = YES;
				CLANG_WARN_INT_CONVERSION = YES;
				CLANG_WARN_NON_LITERAL_NULL_CONVERSION = YES;
				CLANG_WARN_OBJC_IMPLICIT_RETAIN_SELF = YES;
				CLANG_WARN_OBJC_LITERAL_CONVERSION = YES;
				CLANG_WARN_OBJC_ROOT_CLASS = YES_ERROR;
				CLANG_WARN_RANGE_LOOP_ANALYSIS = YES;
				CLANG_WARN_STRICT_PROTOTYPES = YES;
				CLANG_WARN_SUSPICIOUS_MOVE = YES;
				CLANG_WARN_UNGUARDED_AVAILABILITY = YES_AGGRESSIVE;
				CLANG_WARN_UNREACHABLE_CODE = YES;
				CLANG_WARN__DUPLICATE_METHOD_MATCH = YES;
				CODE_SIGN_IDENTITY = "iPhone Developer";
				COPY_PHASE_STRIP = NO;
				DEBUG_INFORMATION_FORMAT = "dwarf-with-dsym";
				ENABLE_NS_ASSERTIONS = NO;
				ENABLE_STRICT_OBJC_MSGSEND = YES;
				GCC_C_LANGUAGE_STANDARD = gnu11;
				GCC_NO_COMMON_BLOCKS = YES;
				GCC_WARN_64_TO_32_BIT_CONVERSION = YES;
				GCC_WARN_ABOUT_RETURN_TYPE = YES_ERROR;
				GCC_WARN_UNDECLARED_SELECTOR = YES;
				GCC_WARN_UNINITIALIZED_AUTOS = YES_AGGRESSIVE;
				GCC_WARN_UNUSED_FUNCTION = YES;
				GCC_WARN_UNUSED_VARIABLE = YES;
				IPHONEOS_DEPLOYMENT_TARGET = 11.3;
				MTL_ENABLE_DEBUG_INFO = NO;
				SDKROOT = iphoneos;
				SWIFT_COMPILATION_MODE = wholemodule;
				SWIFT_OPTIMIZATION_LEVEL = "-O";
				VALIDATE_PRODUCT = YES;
			};
			name = Release;
		};
		041F40E6207EDD49008DCA69 /* Debug */ = {
			isa = XCBuildConfiguration;
			baseConfigurationReference = B5C51F49BD9D7EBC19255EF6 /* Pods-news app for blockchain.debug.xcconfig */;
			buildSettings = {
				ASSETCATALOG_COMPILER_APPICON_NAME = AppIcon;
				CODE_SIGN_STYLE = Automatic;
				DEVELOPMENT_TEAM = 37MSAELA6E;
				INFOPLIST_FILE = "news app for blockchain/Info.plist";
				LD_RUNPATH_SEARCH_PATHS = (
					"$(inherited)",
					"@executable_path/Frameworks",
				);
				PRODUCT_BUNDLE_IDENTIFIER = "BGL.news-app-for-blockchain";
				PRODUCT_NAME = "$(TARGET_NAME)";
				SWIFT_VERSION = 4.0;
				TARGETED_DEVICE_FAMILY = "1,2";
			};
			name = Debug;
		};
		041F40E7207EDD49008DCA69 /* Release */ = {
			isa = XCBuildConfiguration;
			baseConfigurationReference = AF335468AB7AE16EB4646891 /* Pods-news app for blockchain.release.xcconfig */;
			buildSettings = {
				ASSETCATALOG_COMPILER_APPICON_NAME = AppIcon;
				CODE_SIGN_STYLE = Automatic;
				DEVELOPMENT_TEAM = 37MSAELA6E;
				INFOPLIST_FILE = "news app for blockchain/Info.plist";
				LD_RUNPATH_SEARCH_PATHS = (
					"$(inherited)",
					"@executable_path/Frameworks",
				);
				PRODUCT_BUNDLE_IDENTIFIER = "BGL.news-app-for-blockchain";
				PRODUCT_NAME = "$(TARGET_NAME)";
				SWIFT_VERSION = 4.0;
				TARGETED_DEVICE_FAMILY = "1,2";
			};
			name = Release;
		};
/* End XCBuildConfiguration section */

/* Begin XCConfigurationList section */
		041F40CB207EDD47008DCA69 /* Build configuration list for PBXProject "news app for blockchain" */ = {
			isa = XCConfigurationList;
			buildConfigurations = (
				041F40E3207EDD49008DCA69 /* Debug */,
				041F40E4207EDD49008DCA69 /* Release */,
			);
			defaultConfigurationIsVisible = 0;
			defaultConfigurationName = Release;
		};
		041F40E5207EDD49008DCA69 /* Build configuration list for PBXNativeTarget "news app for blockchain" */ = {
			isa = XCConfigurationList;
			buildConfigurations = (
				041F40E6207EDD49008DCA69 /* Debug */,
				041F40E7207EDD49008DCA69 /* Release */,
			);
			defaultConfigurationIsVisible = 0;
			defaultConfigurationName = Release;
		};
/* End XCConfigurationList section */

/* Begin XCVersionGroup section */
		041F40DA207EDD48008DCA69 /* news_app_for_blockchain.xcdatamodeld */ = {
			isa = XCVersionGroup;
			children = (
				041F40DB207EDD48008DCA69 /* news_app_for_blockchain.xcdatamodel */,
			);
			currentVersion = 041F40DB207EDD48008DCA69 /* news_app_for_blockchain.xcdatamodel */;
			path = news_app_for_blockchain.xcdatamodeld;
			sourceTree = "<group>";
			versionGroupType = wrapper.xcdatamodel;
		};
/* End XCVersionGroup section */
	};
	rootObject = 041F40C8207EDD47008DCA69 /* Project object */;
}
