// !$*UTF8*$!
{
	archiveVersion = 1;
	classes = {
	};
	objectVersion = 50;
	objects = {

/* Begin PBXBuildFile section */
		041F40D4207EDD48008DCA69 /* AppDelegate.swift in Sources */ = {isa = PBXBuildFile; fileRef = 041F40D3207EDD48008DCA69 /* AppDelegate.swift */; };
		041F40D9207EDD48008DCA69 /* Main.storyboard in Resources */ = {isa = PBXBuildFile; fileRef = 041F40D7207EDD48008DCA69 /* Main.storyboard */; };
		041F40DE207EDD49008DCA69 /* Assets.xcassets in Resources */ = {isa = PBXBuildFile; fileRef = 041F40DD207EDD49008DCA69 /* Assets.xcassets */; };
		041F40E1207EDD49008DCA69 /* LaunchScreen.storyboard in Resources */ = {isa = PBXBuildFile; fileRef = 041F40DF207EDD49008DCA69 /* LaunchScreen.storyboard */; };
		04E4F018209B19A700A2D0BF /* TimelineTableViewController.swift in Sources */ = {isa = PBXBuildFile; fileRef = 04E4F015209B19A700A2D0BF /* TimelineTableViewController.swift */; };
		04E4F019209B19A700A2D0BF /* NewsFlash.swift in Sources */ = {isa = PBXBuildFile; fileRef = 04E4F016209B19A700A2D0BF /* NewsFlash.swift */; };
		04E4F01A209B19A700A2D0BF /* NewsFlashViewController.swift in Sources */ = {isa = PBXBuildFile; fileRef = 04E4F017209B19A700A2D0BF /* NewsFlashViewController.swift */; };
		04E4F020209B19BB00A2D0BF /* TimelineTableViewCell.swift in Sources */ = {isa = PBXBuildFile; fileRef = 04E4F01C209B19BB00A2D0BF /* TimelineTableViewCell.swift */; };
		04E4F021209B19BB00A2D0BF /* Timeline.swift in Sources */ = {isa = PBXBuildFile; fileRef = 04E4F01D209B19BB00A2D0BF /* Timeline.swift */; };
		04E4F022209B19BB00A2D0BF /* TimelinePoint.swift in Sources */ = {isa = PBXBuildFile; fileRef = 04E4F01E209B19BB00A2D0BF /* TimelinePoint.swift */; };
		04E4F023209B19BB00A2D0BF /* TimelineTableViewCell.xib in Resources */ = {isa = PBXBuildFile; fileRef = 04E4F01F209B19BB00A2D0BF /* TimelineTableViewCell.xib */; };
		4577D63C2091A3920087DF80 /* MarketCapCoin.swift in Sources */ = {isa = PBXBuildFile; fileRef = 4577D62E2091A3920087DF80 /* MarketCapCoin.swift */; };
		4577D63D2091A3920087DF80 /* CryptoCompareCoinListResult.swift in Sources */ = {isa = PBXBuildFile; fileRef = 4577D62F2091A3920087DF80 /* CryptoCompareCoinListResult.swift */; };
		4577D63E2091A3920087DF80 /* ExchangeList.swift in Sources */ = {isa = PBXBuildFile; fileRef = 4577D6302091A3920087DF80 /* ExchangeList.swift */; };
		4577D63F2091A3920087DF80 /* CryptoCompareCoin.swift in Sources */ = {isa = PBXBuildFile; fileRef = 4577D6312091A3920087DF80 /* CryptoCompareCoin.swift */; };
		4577D6402091A3920087DF80 /* Exchange.swift in Sources */ = {isa = PBXBuildFile; fileRef = 4577D6322091A3920087DF80 /* Exchange.swift */; };
		4577D6412091A3920087DF80 /* APIErrors.swift in Sources */ = {isa = PBXBuildFile; fileRef = 4577D6342091A3920087DF80 /* APIErrors.swift */; };
		4577D6422091A3920087DF80 /* APIClient.swift in Sources */ = {isa = PBXBuildFile; fileRef = 4577D6352091A3920087DF80 /* APIClient.swift */; };
		4577D6432091A3920087DF80 /* CryptoCompareEndpoint.swift in Sources */ = {isa = PBXBuildFile; fileRef = 4577D6362091A3920087DF80 /* CryptoCompareEndpoint.swift */; };
		4577D6442091A3920087DF80 /* MarketCapClient.swift in Sources */ = {isa = PBXBuildFile; fileRef = 4577D6372091A3920087DF80 /* MarketCapClient.swift */; };
		4577D6452091A3920087DF80 /* README.md in Resources */ = {isa = PBXBuildFile; fileRef = 4577D6382091A3920087DF80 /* README.md */; };
		4577D6462091A3920087DF80 /* CryptoCompareClient.swift in Sources */ = {isa = PBXBuildFile; fileRef = 4577D6392091A3920087DF80 /* CryptoCompareClient.swift */; };
		4577D6472091A3920087DF80 /* MarketCapEndpoint.swift in Sources */ = {isa = PBXBuildFile; fileRef = 4577D63A2091A3920087DF80 /* MarketCapEndpoint.swift */; };
		4577D6482091A3920087DF80 /* Endpoint.swift in Sources */ = {isa = PBXBuildFile; fileRef = 4577D63B2091A3920087DF80 /* Endpoint.swift */; };
		5701A8FE209B6C3F00A216C4 /* MarketCollectionViewCell.swift in Sources */ = {isa = PBXBuildFile; fileRef = 5701A8FD209B6C3F00A216C4 /* MarketCollectionViewCell.swift */; };
		5701A902209BB74800A216C4 /* SearchExchangesController.swift in Sources */ = {isa = PBXBuildFile; fileRef = 5701A901209BB74800A216C4 /* SearchExchangesController.swift */; };
		5701A904209BC66B00A216C4 /* SearchTradingPairController.swift in Sources */ = {isa = PBXBuildFile; fileRef = 5701A903209BC66B00A216C4 /* SearchTradingPairController.swift */; };
		570A3EAB208D775000080919 /* TransactionsController.swift in Sources */ = {isa = PBXBuildFile; fileRef = 570A3EAA208D775000080919 /* TransactionsController.swift */; };
		5713B636208EC3D0000506FD /* SearchCoinController.swift in Sources */ = {isa = PBXBuildFile; fileRef = 5713B635208EC3D0000506FD /* SearchCoinController.swift */; };
		57510E13209FBA4000E7A7D9 /* WalletAll.swift in Sources */ = {isa = PBXBuildFile; fileRef = 57510E12209FBA4000E7A7D9 /* WalletAll.swift */; };
		57510E1620A0FAA700E7A7D9 /* CryptoCompareCoinsRealm.swift in Sources */ = {isa = PBXBuildFile; fileRef = 57510E1520A0FAA700E7A7D9 /* CryptoCompareCoinsRealm.swift */; };
		57510E1820A0FB2500E7A7D9 /* SaveStructToRealmObjects.swift in Sources */ = {isa = PBXBuildFile; fileRef = 57510E1720A0FB2500E7A7D9 /* SaveStructToRealmObjects.swift */; };
		57510E1A20A130DC00E7A7D9 /* GetDataResult.swift in Sources */ = {isa = PBXBuildFile; fileRef = 57510E1920A130DC00E7A7D9 /* GetDataResult.swift */; };
		57510E1C20A13EBA00E7A7D9 /* CoinTypeTableViewCell.swift in Sources */ = {isa = PBXBuildFile; fileRef = 57510E1B20A13EBA00E7A7D9 /* CoinTypeTableViewCell.swift */; };
		576FA8DC2091D66F005B6406 /* TransAdditionalCell.swift in Sources */ = {isa = PBXBuildFile; fileRef = 576FA8DB2091D66F005B6406 /* TransAdditionalCell.swift */; };
		576FA8DE2091DB67005B6406 /* TransExpensesCell.swift in Sources */ = {isa = PBXBuildFile; fileRef = 576FA8DD2091DB67005B6406 /* TransExpensesCell.swift */; };
		576FA8E02091E02C005B6406 /* TransCoinTypeCell.swift in Sources */ = {isa = PBXBuildFile; fileRef = 576FA8DF2091E02C005B6406 /* TransCoinTypeCell.swift */; };
		576FA8E22091E154005B6406 /* TransCoinMarketCell.swift in Sources */ = {isa = PBXBuildFile; fileRef = 576FA8E12091E154005B6406 /* TransCoinMarketCell.swift */; };
		576FA8E42091E1F2005B6406 /* TransPriceCell.swift in Sources */ = {isa = PBXBuildFile; fileRef = 576FA8E32091E1F2005B6406 /* TransPriceCell.swift */; };
		576FA8E62091E30B005B6406 /* TransTradePairsCell.swift in Sources */ = {isa = PBXBuildFile; fileRef = 576FA8E52091E30B005B6406 /* TransTradePairsCell.swift */; };
		576FA8E82091E53F005B6406 /* TransNumberCell.swift in Sources */ = {isa = PBXBuildFile; fileRef = 576FA8E72091E53F005B6406 /* TransNumberCell.swift */; };
		576FA8EA2091E5AC005B6406 /* TransDateCell.swift in Sources */ = {isa = PBXBuildFile; fileRef = 576FA8E92091E5AC005B6406 /* TransDateCell.swift */; };
		576FA8EC2091E5D8005B6406 /* TransTimeCell.swift in Sources */ = {isa = PBXBuildFile; fileRef = 576FA8EB2091E5D8005B6406 /* TransTimeCell.swift */; };
		576FA8F12092DA5C005B6406 /* ThemeColor.swift in Sources */ = {isa = PBXBuildFile; fileRef = 576FA8F02092DA5C005B6406 /* ThemeColor.swift */; };
		576FA8F42092E670005B6406 /* AppImage.swift in Sources */ = {isa = PBXBuildFile; fileRef = 576FA8F32092E670005B6406 /* AppImage.swift */; };
		576FA8F92095D89F005B6406 /* MenuBar.swift in Sources */ = {isa = PBXBuildFile; fileRef = 576FA8F82095D89F005B6406 /* MenuBar.swift */; };
		576FA8FB2095DA82005B6406 /* MarketController.swift in Sources */ = {isa = PBXBuildFile; fileRef = 576FA8FA2095DA82005B6406 /* MarketController.swift */; };
		576FA9002096ACD1005B6406 /* MarketsCell.swift in Sources */ = {isa = PBXBuildFile; fileRef = 576FA8FF2096ACD1005B6406 /* MarketsCell.swift */; };
		576FA903209733ED005B6406 /* MarketsTotalView.swift in Sources */ = {isa = PBXBuildFile; fileRef = 576FA902209733ED005B6406 /* MarketsTotalView.swift */; };
		576FA90720976509005B6406 /* MarketsCoinTableViewCell.swift in Sources */ = {isa = PBXBuildFile; fileRef = 576FA90620976509005B6406 /* MarketsCoinTableViewCell.swift */; };
		576FA9092097D41A005B6406 /* WatchlistCell.swift in Sources */ = {isa = PBXBuildFile; fileRef = 576FA9082097D41A005B6406 /* WatchlistCell.swift */; };
		576FA90B20980201005B6406 /* MarketFilterCollectionView.swift in Sources */ = {isa = PBXBuildFile; fileRef = 576FA90A20980201005B6406 /* MarketFilterCollectionView.swift */; };
		576FA90D20980641005B6406 /* MarketSortPickerView.swift in Sources */ = {isa = PBXBuildFile; fileRef = 576FA90C20980641005B6406 /* MarketSortPickerView.swift */; };
		576FA91120995164005B6406 /* TransactionsHistory.swift in Sources */ = {isa = PBXBuildFile; fileRef = 576FA91020995164005B6406 /* TransactionsHistory.swift */; };
		576FA913209951D3005B6406 /* Wallets.swift in Sources */ = {isa = PBXBuildFile; fileRef = 576FA912209951D3005B6406 /* Wallets.swift */; };
		576FA919209AC702005B6406 /* WalletController.swift in Sources */ = {isa = PBXBuildFile; fileRef = 576FA918209AC702005B6406 /* WalletController.swift */; };
		57C394DD209F212C0052137C /* WalletsCell.swift in Sources */ = {isa = PBXBuildFile; fileRef = 57C394DC209F212C0052137C /* WalletsCell.swift */; };
		57DA49F2209BE95800C59BD4 /* HomeViewController.swift in Sources */ = {isa = PBXBuildFile; fileRef = 57DA49E5209BE95800C59BD4 /* HomeViewController.swift */; };
		57DA49F3209BE95800C59BD4 /* NewsCell.swift in Sources */ = {isa = PBXBuildFile; fileRef = 57DA49E8209BE95800C59BD4 /* NewsCell.swift */; };
		57DA49F4209BE95800C59BD4 /* NewsMenuCell.swift in Sources */ = {isa = PBXBuildFile; fileRef = 57DA49E9209BE95800C59BD4 /* NewsMenuCell.swift */; };
		57DA49F5209BE95800C59BD4 /* SliderViewCell.swift in Sources */ = {isa = PBXBuildFile; fileRef = 57DA49EA209BE95800C59BD4 /* SliderViewCell.swift */; };
		57DA49F6209BE95800C59BD4 /* SliderCell.swift in Sources */ = {isa = PBXBuildFile; fileRef = 57DA49EB209BE95800C59BD4 /* SliderCell.swift */; };
		57DA49F7209BE95800C59BD4 /* ListViewCell.swift in Sources */ = {isa = PBXBuildFile; fileRef = 57DA49EC209BE95800C59BD4 /* ListViewCell.swift */; };
		57DA49F8209BE95800C59BD4 /* NewsMenuBar.swift in Sources */ = {isa = PBXBuildFile; fileRef = 57DA49ED209BE95800C59BD4 /* NewsMenuBar.swift */; };
		57DA49F9209BE95800C59BD4 /* SelectionViewCell.swift in Sources */ = {isa = PBXBuildFile; fileRef = 57DA49EE209BE95800C59BD4 /* SelectionViewCell.swift */; };
		57DA49FA209BE95800C59BD4 /* Extensions.swift in Sources */ = {isa = PBXBuildFile; fileRef = 57DA49F0209BE95800C59BD4 /* Extensions.swift */; };
		57DA49FB209BE95800C59BD4 /* BaseCell.swift in Sources */ = {isa = PBXBuildFile; fileRef = 57DA49F1209BE95800C59BD4 /* BaseCell.swift */; };
		F0A477DC98285AF7CF6AD1CC /* Pods_news_app_for_blockchain.framework in Frameworks */ = {isa = PBXBuildFile; fileRef = E2523D3F8E20ECC3644FC3C0 /* Pods_news_app_for_blockchain.framework */; };
/* End PBXBuildFile section */

/* Begin PBXFileReference section */
		041F40D0207EDD48008DCA69 /* news app for blockchain.app */ = {isa = PBXFileReference; explicitFileType = wrapper.application; includeInIndex = 0; path = "news app for blockchain.app"; sourceTree = BUILT_PRODUCTS_DIR; };
		041F40D3207EDD48008DCA69 /* AppDelegate.swift */ = {isa = PBXFileReference; lastKnownFileType = sourcecode.swift; path = AppDelegate.swift; sourceTree = "<group>"; };
		041F40D8207EDD48008DCA69 /* Base */ = {isa = PBXFileReference; lastKnownFileType = file.storyboard; name = Base; path = Base.lproj/Main.storyboard; sourceTree = "<group>"; };
		041F40DD207EDD49008DCA69 /* Assets.xcassets */ = {isa = PBXFileReference; lastKnownFileType = folder.assetcatalog; path = Assets.xcassets; sourceTree = "<group>"; };
		041F40E0207EDD49008DCA69 /* Base */ = {isa = PBXFileReference; lastKnownFileType = file.storyboard; name = Base; path = Base.lproj/LaunchScreen.storyboard; sourceTree = "<group>"; };
		041F40E2207EDD49008DCA69 /* Info.plist */ = {isa = PBXFileReference; lastKnownFileType = text.plist.xml; path = Info.plist; sourceTree = "<group>"; };
		04E4F015209B19A700A2D0BF /* TimelineTableViewController.swift */ = {isa = PBXFileReference; fileEncoding = 4; lastKnownFileType = sourcecode.swift; path = TimelineTableViewController.swift; sourceTree = "<group>"; };
		04E4F016209B19A700A2D0BF /* NewsFlash.swift */ = {isa = PBXFileReference; fileEncoding = 4; lastKnownFileType = sourcecode.swift; path = NewsFlash.swift; sourceTree = "<group>"; };
		04E4F017209B19A700A2D0BF /* NewsFlashViewController.swift */ = {isa = PBXFileReference; fileEncoding = 4; lastKnownFileType = sourcecode.swift; path = NewsFlashViewController.swift; sourceTree = "<group>"; };
		04E4F01C209B19BB00A2D0BF /* TimelineTableViewCell.swift */ = {isa = PBXFileReference; fileEncoding = 4; lastKnownFileType = sourcecode.swift; path = TimelineTableViewCell.swift; sourceTree = "<group>"; };
		04E4F01D209B19BB00A2D0BF /* Timeline.swift */ = {isa = PBXFileReference; fileEncoding = 4; lastKnownFileType = sourcecode.swift; path = Timeline.swift; sourceTree = "<group>"; };
		04E4F01E209B19BB00A2D0BF /* TimelinePoint.swift */ = {isa = PBXFileReference; fileEncoding = 4; lastKnownFileType = sourcecode.swift; path = TimelinePoint.swift; sourceTree = "<group>"; };
		04E4F01F209B19BB00A2D0BF /* TimelineTableViewCell.xib */ = {isa = PBXFileReference; fileEncoding = 4; lastKnownFileType = file.xib; path = TimelineTableViewCell.xib; sourceTree = "<group>"; };
		2021A9E52FD0BE1EC8D009DC /* Pods-news app for blockchain.release.xcconfig */ = {isa = PBXFileReference; includeInIndex = 1; lastKnownFileType = text.xcconfig; name = "Pods-news app for blockchain.release.xcconfig"; path = "Pods/Target Support Files/Pods-news app for blockchain/Pods-news app for blockchain.release.xcconfig"; sourceTree = "<group>"; };
		4577D62E2091A3920087DF80 /* MarketCapCoin.swift */ = {isa = PBXFileReference; fileEncoding = 4; lastKnownFileType = sourcecode.swift; path = MarketCapCoin.swift; sourceTree = "<group>"; };
		4577D62F2091A3920087DF80 /* CryptoCompareCoinListResult.swift */ = {isa = PBXFileReference; fileEncoding = 4; lastKnownFileType = sourcecode.swift; path = CryptoCompareCoinListResult.swift; sourceTree = "<group>"; };
		4577D6302091A3920087DF80 /* ExchangeList.swift */ = {isa = PBXFileReference; fileEncoding = 4; lastKnownFileType = sourcecode.swift; path = ExchangeList.swift; sourceTree = "<group>"; };
		4577D6312091A3920087DF80 /* CryptoCompareCoin.swift */ = {isa = PBXFileReference; fileEncoding = 4; lastKnownFileType = sourcecode.swift; path = CryptoCompareCoin.swift; sourceTree = "<group>"; };
		4577D6322091A3920087DF80 /* Exchange.swift */ = {isa = PBXFileReference; fileEncoding = 4; lastKnownFileType = sourcecode.swift; path = Exchange.swift; sourceTree = "<group>"; };
		4577D6342091A3920087DF80 /* APIErrors.swift */ = {isa = PBXFileReference; fileEncoding = 4; lastKnownFileType = sourcecode.swift; path = APIErrors.swift; sourceTree = "<group>"; };
		4577D6352091A3920087DF80 /* APIClient.swift */ = {isa = PBXFileReference; fileEncoding = 4; lastKnownFileType = sourcecode.swift; path = APIClient.swift; sourceTree = "<group>"; };
		4577D6362091A3920087DF80 /* CryptoCompareEndpoint.swift */ = {isa = PBXFileReference; fileEncoding = 4; lastKnownFileType = sourcecode.swift; path = CryptoCompareEndpoint.swift; sourceTree = "<group>"; };
		4577D6372091A3920087DF80 /* MarketCapClient.swift */ = {isa = PBXFileReference; fileEncoding = 4; lastKnownFileType = sourcecode.swift; path = MarketCapClient.swift; sourceTree = "<group>"; };
		4577D6382091A3920087DF80 /* README.md */ = {isa = PBXFileReference; fileEncoding = 4; lastKnownFileType = net.daringfireball.markdown; path = README.md; sourceTree = "<group>"; };
		4577D6392091A3920087DF80 /* CryptoCompareClient.swift */ = {isa = PBXFileReference; fileEncoding = 4; lastKnownFileType = sourcecode.swift; path = CryptoCompareClient.swift; sourceTree = "<group>"; };
		4577D63A2091A3920087DF80 /* MarketCapEndpoint.swift */ = {isa = PBXFileReference; fileEncoding = 4; lastKnownFileType = sourcecode.swift; path = MarketCapEndpoint.swift; sourceTree = "<group>"; };
		4577D63B2091A3920087DF80 /* Endpoint.swift */ = {isa = PBXFileReference; fileEncoding = 4; lastKnownFileType = sourcecode.swift; path = Endpoint.swift; sourceTree = "<group>"; };
		5701A8FD209B6C3F00A216C4 /* MarketCollectionViewCell.swift */ = {isa = PBXFileReference; lastKnownFileType = sourcecode.swift; path = MarketCollectionViewCell.swift; sourceTree = "<group>"; };
		5701A901209BB74800A216C4 /* SearchExchangesController.swift */ = {isa = PBXFileReference; lastKnownFileType = sourcecode.swift; path = SearchExchangesController.swift; sourceTree = "<group>"; };
		5701A903209BC66B00A216C4 /* SearchTradingPairController.swift */ = {isa = PBXFileReference; lastKnownFileType = sourcecode.swift; path = SearchTradingPairController.swift; sourceTree = "<group>"; };
		570A3EAA208D775000080919 /* TransactionsController.swift */ = {isa = PBXFileReference; lastKnownFileType = sourcecode.swift; path = TransactionsController.swift; sourceTree = "<group>"; };
		5713B635208EC3D0000506FD /* SearchCoinController.swift */ = {isa = PBXFileReference; lastKnownFileType = sourcecode.swift; path = SearchCoinController.swift; sourceTree = "<group>"; };
		57510E12209FBA4000E7A7D9 /* WalletAll.swift */ = {isa = PBXFileReference; lastKnownFileType = sourcecode.swift; path = WalletAll.swift; sourceTree = "<group>"; };
		57510E1520A0FAA700E7A7D9 /* CryptoCompareCoinsRealm.swift */ = {isa = PBXFileReference; lastKnownFileType = sourcecode.swift; path = CryptoCompareCoinsRealm.swift; sourceTree = "<group>"; };
		57510E1720A0FB2500E7A7D9 /* SaveStructToRealmObjects.swift */ = {isa = PBXFileReference; lastKnownFileType = sourcecode.swift; path = SaveStructToRealmObjects.swift; sourceTree = "<group>"; };
		57510E1920A130DC00E7A7D9 /* GetDataResult.swift */ = {isa = PBXFileReference; lastKnownFileType = sourcecode.swift; path = GetDataResult.swift; sourceTree = "<group>"; };
		57510E1B20A13EBA00E7A7D9 /* CoinTypeTableViewCell.swift */ = {isa = PBXFileReference; fileEncoding = 4; lastKnownFileType = sourcecode.swift; path = CoinTypeTableViewCell.swift; sourceTree = "<group>"; };
		576FA8DB2091D66F005B6406 /* TransAdditionalCell.swift */ = {isa = PBXFileReference; lastKnownFileType = sourcecode.swift; path = TransAdditionalCell.swift; sourceTree = "<group>"; };
		576FA8DD2091DB67005B6406 /* TransExpensesCell.swift */ = {isa = PBXFileReference; lastKnownFileType = sourcecode.swift; path = TransExpensesCell.swift; sourceTree = "<group>"; };
		576FA8DF2091E02C005B6406 /* TransCoinTypeCell.swift */ = {isa = PBXFileReference; lastKnownFileType = sourcecode.swift; path = TransCoinTypeCell.swift; sourceTree = "<group>"; };
		576FA8E12091E154005B6406 /* TransCoinMarketCell.swift */ = {isa = PBXFileReference; lastKnownFileType = sourcecode.swift; path = TransCoinMarketCell.swift; sourceTree = "<group>"; };
		576FA8E32091E1F2005B6406 /* TransPriceCell.swift */ = {isa = PBXFileReference; lastKnownFileType = sourcecode.swift; path = TransPriceCell.swift; sourceTree = "<group>"; };
		576FA8E52091E30B005B6406 /* TransTradePairsCell.swift */ = {isa = PBXFileReference; lastKnownFileType = sourcecode.swift; path = TransTradePairsCell.swift; sourceTree = "<group>"; };
		576FA8E72091E53F005B6406 /* TransNumberCell.swift */ = {isa = PBXFileReference; lastKnownFileType = sourcecode.swift; path = TransNumberCell.swift; sourceTree = "<group>"; };
		576FA8E92091E5AC005B6406 /* TransDateCell.swift */ = {isa = PBXFileReference; lastKnownFileType = sourcecode.swift; path = TransDateCell.swift; sourceTree = "<group>"; };
		576FA8EB2091E5D8005B6406 /* TransTimeCell.swift */ = {isa = PBXFileReference; lastKnownFileType = sourcecode.swift; path = TransTimeCell.swift; sourceTree = "<group>"; };
		576FA8F02092DA5C005B6406 /* ThemeColor.swift */ = {isa = PBXFileReference; lastKnownFileType = sourcecode.swift; path = ThemeColor.swift; sourceTree = "<group>"; };
		576FA8F32092E670005B6406 /* AppImage.swift */ = {isa = PBXFileReference; lastKnownFileType = sourcecode.swift; path = AppImage.swift; sourceTree = "<group>"; };
		576FA8F82095D89F005B6406 /* MenuBar.swift */ = {isa = PBXFileReference; lastKnownFileType = sourcecode.swift; path = MenuBar.swift; sourceTree = "<group>"; };
		576FA8FA2095DA82005B6406 /* MarketController.swift */ = {isa = PBXFileReference; lastKnownFileType = sourcecode.swift; path = MarketController.swift; sourceTree = "<group>"; };
		576FA8FF2096ACD1005B6406 /* MarketsCell.swift */ = {isa = PBXFileReference; lastKnownFileType = sourcecode.swift; path = MarketsCell.swift; sourceTree = "<group>"; };
		576FA902209733ED005B6406 /* MarketsTotalView.swift */ = {isa = PBXFileReference; lastKnownFileType = sourcecode.swift; path = MarketsTotalView.swift; sourceTree = "<group>"; };
		576FA90620976509005B6406 /* MarketsCoinTableViewCell.swift */ = {isa = PBXFileReference; lastKnownFileType = sourcecode.swift; path = MarketsCoinTableViewCell.swift; sourceTree = "<group>"; };
		576FA9082097D41A005B6406 /* WatchlistCell.swift */ = {isa = PBXFileReference; lastKnownFileType = sourcecode.swift; path = WatchlistCell.swift; sourceTree = "<group>"; };
		576FA90A20980201005B6406 /* MarketFilterCollectionView.swift */ = {isa = PBXFileReference; lastKnownFileType = sourcecode.swift; path = MarketFilterCollectionView.swift; sourceTree = "<group>"; };
		576FA90C20980641005B6406 /* MarketSortPickerView.swift */ = {isa = PBXFileReference; lastKnownFileType = sourcecode.swift; path = MarketSortPickerView.swift; sourceTree = "<group>"; };
		576FA91020995164005B6406 /* TransactionsHistory.swift */ = {isa = PBXFileReference; lastKnownFileType = sourcecode.swift; path = TransactionsHistory.swift; sourceTree = "<group>"; };
		576FA912209951D3005B6406 /* Wallets.swift */ = {isa = PBXFileReference; lastKnownFileType = sourcecode.swift; path = Wallets.swift; sourceTree = "<group>"; };
		576FA918209AC702005B6406 /* WalletController.swift */ = {isa = PBXFileReference; lastKnownFileType = sourcecode.swift; path = WalletController.swift; sourceTree = "<group>"; };
		57C394DC209F212C0052137C /* WalletsCell.swift */ = {isa = PBXFileReference; lastKnownFileType = sourcecode.swift; path = WalletsCell.swift; sourceTree = "<group>"; };
		57DA49E5209BE95800C59BD4 /* HomeViewController.swift */ = {isa = PBXFileReference; fileEncoding = 4; lastKnownFileType = sourcecode.swift; path = HomeViewController.swift; sourceTree = "<group>"; };
		57DA49E8209BE95800C59BD4 /* NewsCell.swift */ = {isa = PBXFileReference; fileEncoding = 4; lastKnownFileType = sourcecode.swift; path = NewsCell.swift; sourceTree = "<group>"; };
		57DA49E9209BE95800C59BD4 /* NewsMenuCell.swift */ = {isa = PBXFileReference; fileEncoding = 4; lastKnownFileType = sourcecode.swift; path = NewsMenuCell.swift; sourceTree = "<group>"; };
		57DA49EA209BE95800C59BD4 /* SliderViewCell.swift */ = {isa = PBXFileReference; fileEncoding = 4; lastKnownFileType = sourcecode.swift; path = SliderViewCell.swift; sourceTree = "<group>"; };
		57DA49EB209BE95800C59BD4 /* SliderCell.swift */ = {isa = PBXFileReference; fileEncoding = 4; lastKnownFileType = sourcecode.swift; path = SliderCell.swift; sourceTree = "<group>"; };
		57DA49EC209BE95800C59BD4 /* ListViewCell.swift */ = {isa = PBXFileReference; fileEncoding = 4; lastKnownFileType = sourcecode.swift; path = ListViewCell.swift; sourceTree = "<group>"; };
		57DA49ED209BE95800C59BD4 /* NewsMenuBar.swift */ = {isa = PBXFileReference; fileEncoding = 4; lastKnownFileType = sourcecode.swift; path = NewsMenuBar.swift; sourceTree = "<group>"; };
		57DA49EE209BE95800C59BD4 /* SelectionViewCell.swift */ = {isa = PBXFileReference; fileEncoding = 4; lastKnownFileType = sourcecode.swift; path = SelectionViewCell.swift; sourceTree = "<group>"; };
		57DA49F0209BE95800C59BD4 /* Extensions.swift */ = {isa = PBXFileReference; fileEncoding = 4; lastKnownFileType = sourcecode.swift; path = Extensions.swift; sourceTree = "<group>"; };
		57DA49F1209BE95800C59BD4 /* BaseCell.swift */ = {isa = PBXFileReference; fileEncoding = 4; lastKnownFileType = sourcecode.swift; path = BaseCell.swift; sourceTree = "<group>"; };
		E2523D3F8E20ECC3644FC3C0 /* Pods_news_app_for_blockchain.framework */ = {isa = PBXFileReference; explicitFileType = wrapper.framework; includeInIndex = 0; path = Pods_news_app_for_blockchain.framework; sourceTree = BUILT_PRODUCTS_DIR; };
		E2B5A1DB09E3F04A1F83FF22 /* Pods-news app for blockchain.debug.xcconfig */ = {isa = PBXFileReference; includeInIndex = 1; lastKnownFileType = text.xcconfig; name = "Pods-news app for blockchain.debug.xcconfig"; path = "Pods/Target Support Files/Pods-news app for blockchain/Pods-news app for blockchain.debug.xcconfig"; sourceTree = "<group>"; };
/* End PBXFileReference section */

/* Begin PBXFrameworksBuildPhase section */
		041F40CD207EDD48008DCA69 /* Frameworks */ = {
			isa = PBXFrameworksBuildPhase;
			buildActionMask = 2147483647;
			files = (
				F0A477DC98285AF7CF6AD1CC /* Pods_news_app_for_blockchain.framework in Frameworks */,
			);
			runOnlyForDeploymentPostprocessing = 0;
		};
/* End PBXFrameworksBuildPhase section */

/* Begin PBXGroup section */
		041F40C7207EDD47008DCA69 = {
			isa = PBXGroup;
			children = (
				041F40D2207EDD48008DCA69 /* news app for blockchain */,
				041F40D1207EDD48008DCA69 /* Products */,
				5AC8BC7FE114A8134E15E233 /* Pods */,
				7FA2035E59CC4A76CA64B71E /* Frameworks */,
			);
			sourceTree = "<group>";
		};
		041F40D1207EDD48008DCA69 /* Products */ = {
			isa = PBXGroup;
			children = (
				041F40D0207EDD48008DCA69 /* news app for blockchain.app */,
			);
			name = Products;
			sourceTree = "<group>";
		};
		041F40D2207EDD48008DCA69 /* news app for blockchain */ = {
			isa = PBXGroup;
			children = (
				57510E1D20A13F2B00E7A7D9 /* Wallet */,
				57510E1E20A13F6D00E7A7D9 /* Market */,
				57DA49E3209BE95800C59BD4 /* News */,
				576FA8F22092E47E005B6406 /* UI_Tools */,
				04E4F013209AFB9900A2D0BF /* Supporting Files */,
				04E4F01B209B19BB00A2D0BF /* Timeline */,
				04E4F014209B19A700A2D0BF /* NewsFlash */,
				041F40E2207EDD49008DCA69 /* Info.plist */,
				041F40D7207EDD48008DCA69 /* Main.storyboard */,
			);
			path = "news app for blockchain";
			sourceTree = "<group>";
		};
		04E4F013209AFB9900A2D0BF /* Supporting Files */ = {
			isa = PBXGroup;
			children = (
				041F40D3207EDD48008DCA69 /* AppDelegate.swift */,
				041F40DF207EDD49008DCA69 /* LaunchScreen.storyboard */,
				041F40DD207EDD49008DCA69 /* Assets.xcassets */,
			);
			path = "Supporting Files";
			sourceTree = "<group>";
		};
		04E4F014209B19A700A2D0BF /* NewsFlash */ = {
			isa = PBXGroup;
			children = (
				04E4F015209B19A700A2D0BF /* TimelineTableViewController.swift */,
				04E4F016209B19A700A2D0BF /* NewsFlash.swift */,
				04E4F017209B19A700A2D0BF /* NewsFlashViewController.swift */,
			);
			path = NewsFlash;
			sourceTree = "<group>";
		};
		04E4F01B209B19BB00A2D0BF /* Timeline */ = {
			isa = PBXGroup;
			children = (
				04E4F01C209B19BB00A2D0BF /* TimelineTableViewCell.swift */,
				04E4F01D209B19BB00A2D0BF /* Timeline.swift */,
				04E4F01E209B19BB00A2D0BF /* TimelinePoint.swift */,
				04E4F01F209B19BB00A2D0BF /* TimelineTableViewCell.xib */,
			);
			path = Timeline;
			sourceTree = "<group>";
		};
		4577D62D2091A3920087DF80 /* Wallet_Models */ = {
			isa = PBXGroup;
			children = (
				4577D62E2091A3920087DF80 /* MarketCapCoin.swift */,
				4577D62F2091A3920087DF80 /* CryptoCompareCoinListResult.swift */,
				4577D6302091A3920087DF80 /* ExchangeList.swift */,
				4577D6312091A3920087DF80 /* CryptoCompareCoin.swift */,
				4577D6322091A3920087DF80 /* Exchange.swift */,
				576FA91020995164005B6406 /* TransactionsHistory.swift */,
				576FA912209951D3005B6406 /* Wallets.swift */,
				57510E12209FBA4000E7A7D9 /* WalletAll.swift */,
				57510E1520A0FAA700E7A7D9 /* CryptoCompareCoinsRealm.swift */,
				57510E1720A0FB2500E7A7D9 /* SaveStructToRealmObjects.swift */,
				57510E1920A130DC00E7A7D9 /* GetDataResult.swift */,
			);
			path = Wallet_Models;
			sourceTree = "<group>";
		};
		4577D6332091A3920087DF80 /* Wallet_Networking */ = {
			isa = PBXGroup;
			children = (
				4577D6342091A3920087DF80 /* APIErrors.swift */,
				4577D6352091A3920087DF80 /* APIClient.swift */,
				4577D6362091A3920087DF80 /* CryptoCompareEndpoint.swift */,
				4577D6372091A3920087DF80 /* MarketCapClient.swift */,
				4577D6382091A3920087DF80 /* README.md */,
				4577D6392091A3920087DF80 /* CryptoCompareClient.swift */,
				4577D63A2091A3920087DF80 /* MarketCapEndpoint.swift */,
				4577D63B2091A3920087DF80 /* Endpoint.swift */,
			);
			path = Wallet_Networking;
			sourceTree = "<group>";
		};
		57510E1420A0171100E7A7D9 /* TransactionFromCell */ = {
			isa = PBXGroup;
			children = (
				576FA8DF2091E02C005B6406 /* TransCoinTypeCell.swift */,
				576FA8E12091E154005B6406 /* TransCoinMarketCell.swift */,
				576FA8E52091E30B005B6406 /* TransTradePairsCell.swift */,
				576FA8E32091E1F2005B6406 /* TransPriceCell.swift */,
				576FA8E72091E53F005B6406 /* TransNumberCell.swift */,
				576FA8E92091E5AC005B6406 /* TransDateCell.swift */,
				576FA8EB2091E5D8005B6406 /* TransTimeCell.swift */,
				576FA8DD2091DB67005B6406 /* TransExpensesCell.swift */,
				576FA8DB2091D66F005B6406 /* TransAdditionalCell.swift */,
			);
			path = TransactionFromCell;
			sourceTree = "<group>";
		};
		57510E1D20A13F2B00E7A7D9 /* Wallet */ = {
			isa = PBXGroup;
			children = (
				4577D6332091A3920087DF80 /* Wallet_Networking */,
				4577D62D2091A3920087DF80 /* Wallet_Models */,
				576FA8F72095C044005B6406 /* Wallet_Controller */,
				576FA8DA2091AD27005B6406 /* Wallet_View */,
			);
			path = Wallet;
			sourceTree = "<group>";
		};
		57510E1E20A13F6D00E7A7D9 /* Market */ = {
			isa = PBXGroup;
			children = (
				576FA9012096ACEA005B6406 /* Markets_Controller */,
				576FA8FC2096A004005B6406 /* Market_View */,
			);
			path = Market;
			sourceTree = "<group>";
		};
		576FA8DA2091AD27005B6406 /* Wallet_View */ = {
			isa = PBXGroup;
			children = (
				57510E1420A0171100E7A7D9 /* TransactionFromCell */,
				57C394DC209F212C0052137C /* WalletsCell.swift */,
				57510E1B20A13EBA00E7A7D9 /* CoinTypeTableViewCell.swift */,
			);
			path = Wallet_View;
			sourceTree = "<group>";
		};
		576FA8F22092E47E005B6406 /* UI_Tools */ = {
			isa = PBXGroup;
			children = (
				576FA8F02092DA5C005B6406 /* ThemeColor.swift */,
				576FA8F32092E670005B6406 /* AppImage.swift */,
			);
			path = UI_Tools;
			sourceTree = "<group>";
		};
		576FA8F72095C044005B6406 /* Wallet_Controller */ = {
			isa = PBXGroup;
			children = (
				570A3EAA208D775000080919 /* TransactionsController.swift */,
				576FA918209AC702005B6406 /* WalletController.swift */,
				5713B635208EC3D0000506FD /* SearchCoinController.swift */,
				5701A901209BB74800A216C4 /* SearchExchangesController.swift */,
				5701A903209BC66B00A216C4 /* SearchTradingPairController.swift */,
			);
			path = Wallet_Controller;
			sourceTree = "<group>";
		};
		576FA8FC2096A004005B6406 /* Market_View */ = {
			isa = PBXGroup;
			children = (
				576FA8F82095D89F005B6406 /* MenuBar.swift */,
				576FA8FF2096ACD1005B6406 /* MarketsCell.swift */,
				576FA902209733ED005B6406 /* MarketsTotalView.swift */,
				576FA90620976509005B6406 /* MarketsCoinTableViewCell.swift */,
				576FA9082097D41A005B6406 /* WatchlistCell.swift */,
				576FA90A20980201005B6406 /* MarketFilterCollectionView.swift */,
				576FA90C20980641005B6406 /* MarketSortPickerView.swift */,
				5701A8FD209B6C3F00A216C4 /* MarketCollectionViewCell.swift */,
			);
			path = Market_View;
			sourceTree = "<group>";
		};
		576FA9012096ACEA005B6406 /* Markets_Controller */ = {
			isa = PBXGroup;
			children = (
				576FA8FA2095DA82005B6406 /* MarketController.swift */,
			);
			path = Markets_Controller;
			sourceTree = "<group>";
		};
		57DA49E3209BE95800C59BD4 /* News */ = {
			isa = PBXGroup;
			children = (
				57DA49E4209BE95800C59BD4 /* Controller */,
				57DA49E6209BE95800C59BD4 /* Model */,
				57DA49E7209BE95800C59BD4 /* View */,
				57DA49EF209BE95800C59BD4 /* Helpers */,
			);
			path = News;
			sourceTree = "<group>";
		};
		57DA49E4209BE95800C59BD4 /* Controller */ = {
			isa = PBXGroup;
			children = (
				57DA49E5209BE95800C59BD4 /* HomeViewController.swift */,
			);
			path = Controller;
			sourceTree = "<group>";
		};
		57DA49E6209BE95800C59BD4 /* Model */ = {
			isa = PBXGroup;
			children = (
			);
			path = Model;
			sourceTree = "<group>";
		};
		57DA49E7209BE95800C59BD4 /* View */ = {
			isa = PBXGroup;
			children = (
				57DA49E8209BE95800C59BD4 /* NewsCell.swift */,
				57DA49E9209BE95800C59BD4 /* NewsMenuCell.swift */,
				57DA49EA209BE95800C59BD4 /* SliderViewCell.swift */,
				57DA49EB209BE95800C59BD4 /* SliderCell.swift */,
				57DA49EC209BE95800C59BD4 /* ListViewCell.swift */,
				57DA49ED209BE95800C59BD4 /* NewsMenuBar.swift */,
				57DA49EE209BE95800C59BD4 /* SelectionViewCell.swift */,
			);
			path = View;
			sourceTree = "<group>";
		};
		57DA49EF209BE95800C59BD4 /* Helpers */ = {
			isa = PBXGroup;
			children = (
				57DA49F0209BE95800C59BD4 /* Extensions.swift */,
				57DA49F1209BE95800C59BD4 /* BaseCell.swift */,
			);
			path = Helpers;
			sourceTree = "<group>";
		};
		5AC8BC7FE114A8134E15E233 /* Pods */ = {
			isa = PBXGroup;
			children = (
				E2B5A1DB09E3F04A1F83FF22 /* Pods-news app for blockchain.debug.xcconfig */,
				2021A9E52FD0BE1EC8D009DC /* Pods-news app for blockchain.release.xcconfig */,
			);
			name = Pods;
			sourceTree = "<group>";
		};
		7FA2035E59CC4A76CA64B71E /* Frameworks */ = {
			isa = PBXGroup;
			children = (
				E2523D3F8E20ECC3644FC3C0 /* Pods_news_app_for_blockchain.framework */,
			);
			name = Frameworks;
			sourceTree = "<group>";
		};
/* End PBXGroup section */

/* Begin PBXNativeTarget section */
		041F40CF207EDD48008DCA69 /* news app for blockchain */ = {
			isa = PBXNativeTarget;
			buildConfigurationList = 041F40E5207EDD49008DCA69 /* Build configuration list for PBXNativeTarget "news app for blockchain" */;
			buildPhases = (
				249647254B45F2117D397189 /* [CP] Check Pods Manifest.lock */,
				041F40CC207EDD48008DCA69 /* Sources */,
				041F40CD207EDD48008DCA69 /* Frameworks */,
				041F40CE207EDD48008DCA69 /* Resources */,
				B9ED2D803E1F1DE5FA57718D /* [CP] Embed Pods Frameworks */,
			);
			buildRules = (
			);
			dependencies = (
			);
			name = "news app for blockchain";
			productName = "news app for blockchain";
			productReference = 041F40D0207EDD48008DCA69 /* news app for blockchain.app */;
			productType = "com.apple.product-type.application";
		};
/* End PBXNativeTarget section */

/* Begin PBXProject section */
		041F40C8207EDD47008DCA69 /* Project object */ = {
			isa = PBXProject;
			attributes = {
				LastSwiftUpdateCheck = 0930;
				LastUpgradeCheck = 0930;
				ORGANIZATIONNAME = "Sheng Li";
				TargetAttributes = {
					041F40CF207EDD48008DCA69 = {
						CreatedOnToolsVersion = 9.3;
					};
				};
			};
			buildConfigurationList = 041F40CB207EDD47008DCA69 /* Build configuration list for PBXProject "news app for blockchain" */;
			compatibilityVersion = "Xcode 9.3";
			developmentRegion = en;
			hasScannedForEncodings = 0;
			knownRegions = (
				en,
				Base,
			);
			mainGroup = 041F40C7207EDD47008DCA69;
			productRefGroup = 041F40D1207EDD48008DCA69 /* Products */;
			projectDirPath = "";
			projectRoot = "";
			targets = (
				041F40CF207EDD48008DCA69 /* news app for blockchain */,
			);
		};
/* End PBXProject section */

/* Begin PBXResourcesBuildPhase section */
		041F40CE207EDD48008DCA69 /* Resources */ = {
			isa = PBXResourcesBuildPhase;
			buildActionMask = 2147483647;
			files = (
				041F40E1207EDD49008DCA69 /* LaunchScreen.storyboard in Resources */,
				041F40DE207EDD49008DCA69 /* Assets.xcassets in Resources */,
				04E4F023209B19BB00A2D0BF /* TimelineTableViewCell.xib in Resources */,
				4577D6452091A3920087DF80 /* README.md in Resources */,
				041F40D9207EDD48008DCA69 /* Main.storyboard in Resources */,
			);
			runOnlyForDeploymentPostprocessing = 0;
		};
/* End PBXResourcesBuildPhase section */

/* Begin PBXShellScriptBuildPhase section */
		249647254B45F2117D397189 /* [CP] Check Pods Manifest.lock */ = {
			isa = PBXShellScriptBuildPhase;
			buildActionMask = 2147483647;
			files = (
			);
			inputPaths = (
				"${PODS_PODFILE_DIR_PATH}/Podfile.lock",
				"${PODS_ROOT}/Manifest.lock",
			);
			name = "[CP] Check Pods Manifest.lock";
			outputPaths = (
				"$(DERIVED_FILE_DIR)/Pods-news app for blockchain-checkManifestLockResult.txt",
			);
			runOnlyForDeploymentPostprocessing = 0;
			shellPath = /bin/sh;
			shellScript = "diff \"${PODS_PODFILE_DIR_PATH}/Podfile.lock\" \"${PODS_ROOT}/Manifest.lock\" > /dev/null\nif [ $? != 0 ] ; then\n    # print error to STDERR\n    echo \"error: The sandbox is not in sync with the Podfile.lock. Run 'pod install' or update your CocoaPods installation.\" >&2\n    exit 1\nfi\n# This output is used by Xcode 'outputs' to avoid re-running this script phase.\necho \"SUCCESS\" > \"${SCRIPT_OUTPUT_FILE_0}\"\n";
			showEnvVarsInLog = 0;
		};
		B9ED2D803E1F1DE5FA57718D /* [CP] Embed Pods Frameworks */ = {
			isa = PBXShellScriptBuildPhase;
			buildActionMask = 2147483647;
			files = (
			);
			inputPaths = (
				"${SRCROOT}/Pods/Target Support Files/Pods-news app for blockchain/Pods-news app for blockchain-frameworks.sh",
				"${BUILT_PRODUCTS_DIR}/Alamofire/Alamofire.framework",
				"${BUILT_PRODUCTS_DIR}/Realm/Realm.framework",
				"${BUILT_PRODUCTS_DIR}/RealmSwift/RealmSwift.framework",
				"${BUILT_PRODUCTS_DIR}/RxCocoa/RxCocoa.framework",
				"${BUILT_PRODUCTS_DIR}/RxJSON/RxJSON.framework",
				"${BUILT_PRODUCTS_DIR}/RxSwift/RxSwift.framework",
				"${BUILT_PRODUCTS_DIR}/SwiftyJSON/SwiftyJSON.framework",
			);
			name = "[CP] Embed Pods Frameworks";
			outputPaths = (
				"${TARGET_BUILD_DIR}/${FRAMEWORKS_FOLDER_PATH}/Alamofire.framework",
				"${TARGET_BUILD_DIR}/${FRAMEWORKS_FOLDER_PATH}/Realm.framework",
				"${TARGET_BUILD_DIR}/${FRAMEWORKS_FOLDER_PATH}/RealmSwift.framework",
				"${TARGET_BUILD_DIR}/${FRAMEWORKS_FOLDER_PATH}/RxCocoa.framework",
				"${TARGET_BUILD_DIR}/${FRAMEWORKS_FOLDER_PATH}/RxJSON.framework",
				"${TARGET_BUILD_DIR}/${FRAMEWORKS_FOLDER_PATH}/RxSwift.framework",
				"${TARGET_BUILD_DIR}/${FRAMEWORKS_FOLDER_PATH}/SwiftyJSON.framework",
			);
			runOnlyForDeploymentPostprocessing = 0;
			shellPath = /bin/sh;
			shellScript = "\"${SRCROOT}/Pods/Target Support Files/Pods-news app for blockchain/Pods-news app for blockchain-frameworks.sh\"\n";
			showEnvVarsInLog = 0;
		};
/* End PBXShellScriptBuildPhase section */

/* Begin PBXSourcesBuildPhase section */
		041F40CC207EDD48008DCA69 /* Sources */ = {
			isa = PBXSourcesBuildPhase;
			buildActionMask = 2147483647;
			files = (
				04E4F021209B19BB00A2D0BF /* Timeline.swift in Sources */,
				4577D6412091A3920087DF80 /* APIErrors.swift in Sources */,
				4577D63E2091A3920087DF80 /* ExchangeList.swift in Sources */,
				57DA49FB209BE95800C59BD4 /* BaseCell.swift in Sources */,
				576FA90720976509005B6406 /* MarketsCoinTableViewCell.swift in Sources */,
				576FA8DE2091DB67005B6406 /* TransExpensesCell.swift in Sources */,
				5701A904209BC66B00A216C4 /* SearchTradingPairController.swift in Sources */,
				57DA49F6209BE95800C59BD4 /* SliderCell.swift in Sources */,
				57510E1620A0FAA700E7A7D9 /* CryptoCompareCoinsRealm.swift in Sources */,
				4577D6472091A3920087DF80 /* MarketCapEndpoint.swift in Sources */,
				4577D6442091A3920087DF80 /* MarketCapClient.swift in Sources */,
				576FA8E62091E30B005B6406 /* TransTradePairsCell.swift in Sources */,
				5701A902209BB74800A216C4 /* SearchExchangesController.swift in Sources */,
				576FA8F42092E670005B6406 /* AppImage.swift in Sources */,
				576FA90B20980201005B6406 /* MarketFilterCollectionView.swift in Sources */,
				576FA8E02091E02C005B6406 /* TransCoinTypeCell.swift in Sources */,
				576FA8FB2095DA82005B6406 /* MarketController.swift in Sources */,
				57DA49FA209BE95800C59BD4 /* Extensions.swift in Sources */,
				576FA919209AC702005B6406 /* WalletController.swift in Sources */,
				4577D6402091A3920087DF80 /* Exchange.swift in Sources */,
				4577D6462091A3920087DF80 /* CryptoCompareClient.swift in Sources */,
				576FA8DC2091D66F005B6406 /* TransAdditionalCell.swift in Sources */,
				04E4F018209B19A700A2D0BF /* TimelineTableViewController.swift in Sources */,
				576FA91120995164005B6406 /* TransactionsHistory.swift in Sources */,
				04E4F01A209B19A700A2D0BF /* NewsFlashViewController.swift in Sources */,
				57DA49F5209BE95800C59BD4 /* SliderViewCell.swift in Sources */,
				576FA8EA2091E5AC005B6406 /* TransDateCell.swift in Sources */,
				576FA8EC2091E5D8005B6406 /* TransTimeCell.swift in Sources */,
				4577D63C2091A3920087DF80 /* MarketCapCoin.swift in Sources */,
				576FA8F92095D89F005B6406 /* MenuBar.swift in Sources */,
				4577D6422091A3920087DF80 /* APIClient.swift in Sources */,
				576FA9092097D41A005B6406 /* WatchlistCell.swift in Sources */,
				57DA49F9209BE95800C59BD4 /* SelectionViewCell.swift in Sources */,
				5713B636208EC3D0000506FD /* SearchCoinController.swift in Sources */,
				576FA913209951D3005B6406 /* Wallets.swift in Sources */,
				576FA90D20980641005B6406 /* MarketSortPickerView.swift in Sources */,
				4577D63D2091A3920087DF80 /* CryptoCompareCoinListResult.swift in Sources */,
				04E4F022209B19BB00A2D0BF /* TimelinePoint.swift in Sources */,
				4577D6482091A3920087DF80 /* Endpoint.swift in Sources */,
				57510E13209FBA4000E7A7D9 /* WalletAll.swift in Sources */,
				57510E1C20A13EBA00E7A7D9 /* CoinTypeTableViewCell.swift in Sources */,
				57C394DD209F212C0052137C /* WalletsCell.swift in Sources */,
				576FA8E22091E154005B6406 /* TransCoinMarketCell.swift in Sources */,
				04E4F020209B19BB00A2D0BF /* TimelineTableViewCell.swift in Sources */,
				04E4F019209B19A700A2D0BF /* NewsFlash.swift in Sources */,
				57510E1A20A130DC00E7A7D9 /* GetDataResult.swift in Sources */,
				57DA49F8209BE95800C59BD4 /* NewsMenuBar.swift in Sources */,
				57DA49F2209BE95800C59BD4 /* HomeViewController.swift in Sources */,
				576FA8E82091E53F005B6406 /* TransNumberCell.swift in Sources */,
				57DA49F7209BE95800C59BD4 /* ListViewCell.swift in Sources */,
				5701A8FE209B6C3F00A216C4 /* MarketCollectionViewCell.swift in Sources */,
				576FA8E42091E1F2005B6406 /* TransPriceCell.swift in Sources */,
				576FA8F12092DA5C005B6406 /* ThemeColor.swift in Sources */,
				57DA49F4209BE95800C59BD4 /* NewsMenuCell.swift in Sources */,
				041F40D4207EDD48008DCA69 /* AppDelegate.swift in Sources */,
				576FA9002096ACD1005B6406 /* MarketsCell.swift in Sources */,
				570A3EAB208D775000080919 /* TransactionsController.swift in Sources */,
				4577D63F2091A3920087DF80 /* CryptoCompareCoin.swift in Sources */,
				4577D6432091A3920087DF80 /* CryptoCompareEndpoint.swift in Sources */,
				576FA903209733ED005B6406 /* MarketsTotalView.swift in Sources */,
				57DA49F3209BE95800C59BD4 /* NewsCell.swift in Sources */,
				57510E1820A0FB2500E7A7D9 /* SaveStructToRealmObjects.swift in Sources */,
			);
			runOnlyForDeploymentPostprocessing = 0;
		};
/* End PBXSourcesBuildPhase section */

/* Begin PBXVariantGroup section */
		041F40D7207EDD48008DCA69 /* Main.storyboard */ = {
			isa = PBXVariantGroup;
			children = (
				041F40D8207EDD48008DCA69 /* Base */,
			);
			name = Main.storyboard;
			sourceTree = "<group>";
		};
		041F40DF207EDD49008DCA69 /* LaunchScreen.storyboard */ = {
			isa = PBXVariantGroup;
			children = (
				041F40E0207EDD49008DCA69 /* Base */,
			);
			name = LaunchScreen.storyboard;
			sourceTree = "<group>";
		};
/* End PBXVariantGroup section */

/* Begin XCBuildConfiguration section */
		041F40E3207EDD49008DCA69 /* Debug */ = {
			isa = XCBuildConfiguration;
			buildSettings = {
				ALWAYS_SEARCH_USER_PATHS = NO;
				CLANG_ANALYZER_NONNULL = YES;
				CLANG_ANALYZER_NUMBER_OBJECT_CONVERSION = YES_AGGRESSIVE;
				CLANG_CXX_LANGUAGE_STANDARD = "gnu++14";
				CLANG_CXX_LIBRARY = "libc++";
				CLANG_ENABLE_MODULES = YES;
				CLANG_ENABLE_OBJC_ARC = YES;
				CLANG_ENABLE_OBJC_WEAK = YES;
				CLANG_WARN_BLOCK_CAPTURE_AUTORELEASING = YES;
				CLANG_WARN_BOOL_CONVERSION = YES;
				CLANG_WARN_COMMA = YES;
				CLANG_WARN_CONSTANT_CONVERSION = YES;
				CLANG_WARN_DEPRECATED_OBJC_IMPLEMENTATIONS = YES;
				CLANG_WARN_DIRECT_OBJC_ISA_USAGE = YES_ERROR;
				CLANG_WARN_DOCUMENTATION_COMMENTS = YES;
				CLANG_WARN_EMPTY_BODY = YES;
				CLANG_WARN_ENUM_CONVERSION = YES;
				CLANG_WARN_INFINITE_RECURSION = YES;
				CLANG_WARN_INT_CONVERSION = YES;
				CLANG_WARN_NON_LITERAL_NULL_CONVERSION = YES;
				CLANG_WARN_OBJC_IMPLICIT_RETAIN_SELF = YES;
				CLANG_WARN_OBJC_LITERAL_CONVERSION = YES;
				CLANG_WARN_OBJC_ROOT_CLASS = YES_ERROR;
				CLANG_WARN_RANGE_LOOP_ANALYSIS = YES;
				CLANG_WARN_STRICT_PROTOTYPES = YES;
				CLANG_WARN_SUSPICIOUS_MOVE = YES;
				CLANG_WARN_UNGUARDED_AVAILABILITY = YES_AGGRESSIVE;
				CLANG_WARN_UNREACHABLE_CODE = YES;
				CLANG_WARN__DUPLICATE_METHOD_MATCH = YES;
				CODE_SIGN_IDENTITY = "iPhone Developer";
				COPY_PHASE_STRIP = NO;
				DEBUG_INFORMATION_FORMAT = dwarf;
				ENABLE_STRICT_OBJC_MSGSEND = YES;
				ENABLE_TESTABILITY = YES;
				GCC_C_LANGUAGE_STANDARD = gnu11;
				GCC_DYNAMIC_NO_PIC = NO;
				GCC_NO_COMMON_BLOCKS = YES;
				GCC_OPTIMIZATION_LEVEL = 0;
				GCC_PREPROCESSOR_DEFINITIONS = (
					"DEBUG=1",
					"$(inherited)",
				);
				GCC_WARN_64_TO_32_BIT_CONVERSION = YES;
				GCC_WARN_ABOUT_RETURN_TYPE = YES_ERROR;
				GCC_WARN_UNDECLARED_SELECTOR = YES;
				GCC_WARN_UNINITIALIZED_AUTOS = YES_AGGRESSIVE;
				GCC_WARN_UNUSED_FUNCTION = YES;
				GCC_WARN_UNUSED_VARIABLE = YES;
				IPHONEOS_DEPLOYMENT_TARGET = 11.3;
				MTL_ENABLE_DEBUG_INFO = YES;
				ONLY_ACTIVE_ARCH = YES;
				SDKROOT = iphoneos;
				SWIFT_ACTIVE_COMPILATION_CONDITIONS = DEBUG;
				SWIFT_OPTIMIZATION_LEVEL = "-Onone";
			};
			name = Debug;
		};
		041F40E4207EDD49008DCA69 /* Release */ = {
			isa = XCBuildConfiguration;
			buildSettings = {
				ALWAYS_SEARCH_USER_PATHS = NO;
				CLANG_ANALYZER_NONNULL = YES;
				CLANG_ANALYZER_NUMBER_OBJECT_CONVERSION = YES_AGGRESSIVE;
				CLANG_CXX_LANGUAGE_STANDARD = "gnu++14";
				CLANG_CXX_LIBRARY = "libc++";
				CLANG_ENABLE_MODULES = YES;
				CLANG_ENABLE_OBJC_ARC = YES;
				CLANG_ENABLE_OBJC_WEAK = YES;
				CLANG_WARN_BLOCK_CAPTURE_AUTORELEASING = YES;
				CLANG_WARN_BOOL_CONVERSION = YES;
				CLANG_WARN_COMMA = YES;
				CLANG_WARN_CONSTANT_CONVERSION = YES;
				CLANG_WARN_DEPRECATED_OBJC_IMPLEMENTATIONS = YES;
				CLANG_WARN_DIRECT_OBJC_ISA_USAGE = YES_ERROR;
				CLANG_WARN_DOCUMENTATION_COMMENTS = YES;
				CLANG_WARN_EMPTY_BODY = YES;
				CLANG_WARN_ENUM_CONVERSION = YES;
				CLANG_WARN_INFINITE_RECURSION = YES;
				CLANG_WARN_INT_CONVERSION = YES;
				CLANG_WARN_NON_LITERAL_NULL_CONVERSION = YES;
				CLANG_WARN_OBJC_IMPLICIT_RETAIN_SELF = YES;
				CLANG_WARN_OBJC_LITERAL_CONVERSION = YES;
				CLANG_WARN_OBJC_ROOT_CLASS = YES_ERROR;
				CLANG_WARN_RANGE_LOOP_ANALYSIS = YES;
				CLANG_WARN_STRICT_PROTOTYPES = YES;
				CLANG_WARN_SUSPICIOUS_MOVE = YES;
				CLANG_WARN_UNGUARDED_AVAILABILITY = YES_AGGRESSIVE;
				CLANG_WARN_UNREACHABLE_CODE = YES;
				CLANG_WARN__DUPLICATE_METHOD_MATCH = YES;
				CODE_SIGN_IDENTITY = "iPhone Developer";
				COPY_PHASE_STRIP = NO;
				DEBUG_INFORMATION_FORMAT = "dwarf-with-dsym";
				ENABLE_NS_ASSERTIONS = NO;
				ENABLE_STRICT_OBJC_MSGSEND = YES;
				GCC_C_LANGUAGE_STANDARD = gnu11;
				GCC_NO_COMMON_BLOCKS = YES;
				GCC_WARN_64_TO_32_BIT_CONVERSION = YES;
				GCC_WARN_ABOUT_RETURN_TYPE = YES_ERROR;
				GCC_WARN_UNDECLARED_SELECTOR = YES;
				GCC_WARN_UNINITIALIZED_AUTOS = YES_AGGRESSIVE;
				GCC_WARN_UNUSED_FUNCTION = YES;
				GCC_WARN_UNUSED_VARIABLE = YES;
				IPHONEOS_DEPLOYMENT_TARGET = 11.3;
				MTL_ENABLE_DEBUG_INFO = NO;
				SDKROOT = iphoneos;
				SWIFT_COMPILATION_MODE = wholemodule;
				SWIFT_OPTIMIZATION_LEVEL = "-O";
				VALIDATE_PRODUCT = YES;
			};
			name = Release;
		};
		041F40E6207EDD49008DCA69 /* Debug */ = {
			isa = XCBuildConfiguration;
			baseConfigurationReference = E2B5A1DB09E3F04A1F83FF22 /* Pods-news app for blockchain.debug.xcconfig */;
			buildSettings = {
				ASSETCATALOG_COMPILER_APPICON_NAME = AppIcon;
				CODE_SIGN_STYLE = Automatic;
				DEVELOPMENT_TEAM = 37MSAELA6E;
				INFOPLIST_FILE = "news app for blockchain/Info.plist";
				IPHONEOS_DEPLOYMENT_TARGET = 11.3;
				LD_RUNPATH_SEARCH_PATHS = (
					"$(inherited)",
					"@executable_path/Frameworks",
				);
				PRODUCT_BUNDLE_IDENTIFIER = "BGL.news-app-for-blockchain";
				PRODUCT_NAME = "$(TARGET_NAME)";
				SWIFT_VERSION = 4.0;
				TARGETED_DEVICE_FAMILY = "1,2";
			};
			name = Debug;
		};
		041F40E7207EDD49008DCA69 /* Release */ = {
			isa = XCBuildConfiguration;
			baseConfigurationReference = 2021A9E52FD0BE1EC8D009DC /* Pods-news app for blockchain.release.xcconfig */;
			buildSettings = {
				ASSETCATALOG_COMPILER_APPICON_NAME = AppIcon;
				CODE_SIGN_STYLE = Automatic;
				DEVELOPMENT_TEAM = 37MSAELA6E;
				INFOPLIST_FILE = "news app for blockchain/Info.plist";
				IPHONEOS_DEPLOYMENT_TARGET = 11.3;
				LD_RUNPATH_SEARCH_PATHS = (
					"$(inherited)",
					"@executable_path/Frameworks",
				);
				PRODUCT_BUNDLE_IDENTIFIER = "BGL.news-app-for-blockchain";
				PRODUCT_NAME = "$(TARGET_NAME)";
				SWIFT_VERSION = 4.0;
				TARGETED_DEVICE_FAMILY = "1,2";
			};
			name = Release;
		};
/* End XCBuildConfiguration section */

/* Begin XCConfigurationList section */
		041F40CB207EDD47008DCA69 /* Build configuration list for PBXProject "news app for blockchain" */ = {
			isa = XCConfigurationList;
			buildConfigurations = (
				041F40E3207EDD49008DCA69 /* Debug */,
				041F40E4207EDD49008DCA69 /* Release */,
			);
			defaultConfigurationIsVisible = 0;
			defaultConfigurationName = Release;
		};
		041F40E5207EDD49008DCA69 /* Build configuration list for PBXNativeTarget "news app for blockchain" */ = {
			isa = XCConfigurationList;
			buildConfigurations = (
				041F40E6207EDD49008DCA69 /* Debug */,
				041F40E7207EDD49008DCA69 /* Release */,
			);
			defaultConfigurationIsVisible = 0;
			defaultConfigurationName = Release;
		};
/* End XCConfigurationList section */
	};
	rootObject = 041F40C8207EDD47008DCA69 /* Project object */;
}
