// !$*UTF8*$!
{
	archiveVersion = 1;
	classes = {
	};
	objectVersion = 50;
	objects = {

/* Begin PBXBuildFile section */
		041519B420A283C70031D98F /* TickerDataRealm.swift in Sources */ = {isa = PBXBuildFile; fileRef = 041519B320A283C70031D98F /* TickerDataRealm.swift */; };
		0419422320A42F7E006B26C6 /* NewsDetailViewController.swift in Sources */ = {isa = PBXBuildFile; fileRef = 0419421F20A42F7E006B26C6 /* NewsDetailViewController.swift */; };
		0419422420A42F7E006B26C6 /* HomeViewController.swift in Sources */ = {isa = PBXBuildFile; fileRef = 0419422020A42F7E006B26C6 /* HomeViewController.swift */; };
		0419422520A42F7E006B26C6 /* GenuineDetailViewController.swift in Sources */ = {isa = PBXBuildFile; fileRef = 0419422120A42F7E006B26C6 /* GenuineDetailViewController.swift */; };
		0419422620A42F7E006B26C6 /* VideoDetailViewController.swift in Sources */ = {isa = PBXBuildFile; fileRef = 0419422220A42F7E006B26C6 /* VideoDetailViewController.swift */; };
		0419422B20A42FB1006B26C6 /* Genuine.swift in Sources */ = {isa = PBXBuildFile; fileRef = 0419422820A42FB0006B26C6 /* Genuine.swift */; };
		0419422C20A42FB1006B26C6 /* News.swift in Sources */ = {isa = PBXBuildFile; fileRef = 0419422920A42FB0006B26C6 /* News.swift */; };
		0419422D20A42FB1006B26C6 /* Video.swift in Sources */ = {isa = PBXBuildFile; fileRef = 0419422A20A42FB0006B26C6 /* Video.swift */; };
		0419423420A43080006B26C6 /* APIService.swift in Sources */ = {isa = PBXBuildFile; fileRef = 0419423020A43080006B26C6 /* APIService.swift */; };
		0419423520A43080006B26C6 /* Extensions.swift in Sources */ = {isa = PBXBuildFile; fileRef = 0419423120A43080006B26C6 /* Extensions.swift */; };
		0419423620A43080006B26C6 /* BaseCell.swift in Sources */ = {isa = PBXBuildFile; fileRef = 0419423220A43080006B26C6 /* BaseCell.swift */; };
		041F40D4207EDD48008DCA69 /* AppDelegate.swift in Sources */ = {isa = PBXBuildFile; fileRef = 041F40D3207EDD48008DCA69 /* AppDelegate.swift */; };
		041F40D9207EDD48008DCA69 /* Main.storyboard in Resources */ = {isa = PBXBuildFile; fileRef = 041F40D7207EDD48008DCA69 /* Main.storyboard */; };
		041F40DE207EDD49008DCA69 /* Assets.xcassets in Resources */ = {isa = PBXBuildFile; fileRef = 041F40DD207EDD49008DCA69 /* Assets.xcassets */; };
		041F40E1207EDD49008DCA69 /* LaunchScreen.storyboard in Resources */ = {isa = PBXBuildFile; fileRef = 041F40DF207EDD49008DCA69 /* LaunchScreen.storyboard */; };
		045BF2BC20A3F52C00796F2E /* CoinImageSetter.swift in Sources */ = {isa = PBXBuildFile; fileRef = 045BF2BB20A3F52C00796F2E /* CoinImageSetter.swift */; };
		045BF2BE20A4060600796F2E /* CoinsInWatchListRealm.swift in Sources */ = {isa = PBXBuildFile; fileRef = 045BF2BD20A4060600796F2E /* CoinsInWatchListRealm.swift */; };
		0469638720AAB20F00459EC8 /* DefaultCurrencyViewController.swift in Sources */ = {isa = PBXBuildFile; fileRef = 0469637E20AAB20E00459EC8 /* DefaultCurrencyViewController.swift */; };
		0469638820AAB20F00459EC8 /* defCurrency.swift in Sources */ = {isa = PBXBuildFile; fileRef = 0469637F20AAB20E00459EC8 /* defCurrency.swift */; };
		0469638920AAB20F00459EC8 /* WebDetailViewController.swift in Sources */ = {isa = PBXBuildFile; fileRef = 0469638120AAB20E00459EC8 /* WebDetailViewController.swift */; };
		0469638A20AAB20F00459EC8 /* WebMainViewController.swift in Sources */ = {isa = PBXBuildFile; fileRef = 0469638220AAB20E00459EC8 /* WebMainViewController.swift */; };
		0469638B20AAB20F00459EC8 /* MoreOptionMainViewController.swift in Sources */ = {isa = PBXBuildFile; fileRef = 0469638320AAB20E00459EC8 /* MoreOptionMainViewController.swift */; };
		0469638C20AAB20F00459EC8 /* defDisplayOpt.swift in Sources */ = {isa = PBXBuildFile; fileRef = 0469638420AAB20E00459EC8 /* defDisplayOpt.swift */; };
		0469638D20AAB20F00459EC8 /* OtherDetailViewController.swift in Sources */ = {isa = PBXBuildFile; fileRef = 0469638520AAB20E00459EC8 /* OtherDetailViewController.swift */; };
		0469638E20AAB20F00459EC8 /* OtherOptionViewController.swift in Sources */ = {isa = PBXBuildFile; fileRef = 0469638620AAB20E00459EC8 /* OtherOptionViewController.swift */; };
		046963B820AAC86B00459EC8 /* GetDataResult.swift in Sources */ = {isa = PBXBuildFile; fileRef = 046963AC20AAC86800459EC8 /* GetDataResult.swift */; };
		046963BA20AAC86B00459EC8 /* SaveStructToRealmObjects.swift in Sources */ = {isa = PBXBuildFile; fileRef = 046963AE20AAC86900459EC8 /* SaveStructToRealmObjects.swift */; };
		046963BB20AAC86B00459EC8 /* Exchange.swift in Sources */ = {isa = PBXBuildFile; fileRef = 046963AF20AAC86900459EC8 /* Exchange.swift */; };
		046963BC20AAC86B00459EC8 /* AllTransactions.swift in Sources */ = {isa = PBXBuildFile; fileRef = 046963B020AAC86900459EC8 /* AllTransactions.swift */; };
		046963BD20AAC86B00459EC8 /* CryptoCompareCoin.swift in Sources */ = {isa = PBXBuildFile; fileRef = 046963B120AAC86900459EC8 /* CryptoCompareCoin.swift */; };
		046963BF20AAC86B00459EC8 /* CryptoCompareCoinListResult.swift in Sources */ = {isa = PBXBuildFile; fileRef = 046963B320AAC86A00459EC8 /* CryptoCompareCoinListResult.swift */; };
		046963C020AAC86B00459EC8 /* CryptoCompareCoinsRealm.swift in Sources */ = {isa = PBXBuildFile; fileRef = 046963B420AAC86A00459EC8 /* CryptoCompareCoinsRealm.swift */; };
		046963C120AAC86B00459EC8 /* ExchangeList.swift in Sources */ = {isa = PBXBuildFile; fileRef = 046963B520AAC86A00459EC8 /* ExchangeList.swift */; };
		046963C220AAC86B00459EC8 /* SetDataResult.swift in Sources */ = {isa = PBXBuildFile; fileRef = 046963B620AAC86A00459EC8 /* SetDataResult.swift */; };
		046963C320AAC86B00459EC8 /* MarketCapCoin.swift in Sources */ = {isa = PBXBuildFile; fileRef = 046963B720AAC86A00459EC8 /* MarketCapCoin.swift */; };
		046963CD20AAC89200459EC8 /* TransactionFrom.swift in Sources */ = {isa = PBXBuildFile; fileRef = 046963C420AAC89000459EC8 /* TransactionFrom.swift */; };
		046963CE20AAC89200459EC8 /* TransactionsController.swift in Sources */ = {isa = PBXBuildFile; fileRef = 046963C520AAC89100459EC8 /* TransactionsController.swift */; };
		046963CF20AAC89200459EC8 /* CaculationFunction.swift in Sources */ = {isa = PBXBuildFile; fileRef = 046963C620AAC89100459EC8 /* CaculationFunction.swift */; };
		046963D020AAC89200459EC8 /* WalletController.swift in Sources */ = {isa = PBXBuildFile; fileRef = 046963C720AAC89100459EC8 /* WalletController.swift */; };
		046963D120AAC89200459EC8 /* SearchTradingPairController.swift in Sources */ = {isa = PBXBuildFile; fileRef = 046963C820AAC89100459EC8 /* SearchTradingPairController.swift */; };
		046963D320AAC89200459EC8 /* SearchExchangesController.swift in Sources */ = {isa = PBXBuildFile; fileRef = 046963CA20AAC89200459EC8 /* SearchExchangesController.swift */; };
		046963D420AAC89200459EC8 /* SearchCoinController.swift in Sources */ = {isa = PBXBuildFile; fileRef = 046963CB20AAC89200459EC8 /* SearchCoinController.swift */; };
		046963D520AAC89200459EC8 /* TransactionFormData.swift in Sources */ = {isa = PBXBuildFile; fileRef = 046963CC20AAC89200459EC8 /* TransactionFormData.swift */; };
		046963DF20AAC8B400459EC8 /* APIErrors.swift in Sources */ = {isa = PBXBuildFile; fileRef = 046963D620AAC8B100459EC8 /* APIErrors.swift */; };
		046963E020AAC8B400459EC8 /* Endpoint.swift in Sources */ = {isa = PBXBuildFile; fileRef = 046963D720AAC8B200459EC8 /* Endpoint.swift */; };
		046963E120AAC8B400459EC8 /* MarketCapEndpoint.swift in Sources */ = {isa = PBXBuildFile; fileRef = 046963D820AAC8B200459EC8 /* MarketCapEndpoint.swift */; };
		046963E220AAC8B400459EC8 /* TickerDataFetcherV2.swift in Sources */ = {isa = PBXBuildFile; fileRef = 046963D920AAC8B200459EC8 /* TickerDataFetcherV2.swift */; };
		046963E320AAC8B400459EC8 /* README.md in Resources */ = {isa = PBXBuildFile; fileRef = 046963DA20AAC8B200459EC8 /* README.md */; };
		046963E420AAC8B400459EC8 /* CryptoCompareEndpoint.swift in Sources */ = {isa = PBXBuildFile; fileRef = 046963DB20AAC8B300459EC8 /* CryptoCompareEndpoint.swift */; };
		046963E520AAC8B400459EC8 /* CryptoCompareClient.swift in Sources */ = {isa = PBXBuildFile; fileRef = 046963DC20AAC8B300459EC8 /* CryptoCompareClient.swift */; };
		046963E620AAC8B400459EC8 /* MarketCapClient.swift in Sources */ = {isa = PBXBuildFile; fileRef = 046963DD20AAC8B300459EC8 /* MarketCapClient.swift */; };
		046963E720AAC8B400459EC8 /* APIClient.swift in Sources */ = {isa = PBXBuildFile; fileRef = 046963DE20AAC8B400459EC8 /* APIClient.swift */; };
		0469640420AAC8DE00459EC8 /* CoinTypeTableViewCell.swift in Sources */ = {isa = PBXBuildFile; fileRef = 046963F620AAC8DD00459EC8 /* CoinTypeTableViewCell.swift */; };
		0469640520AAC8DE00459EC8 /* WalletsCell.swift in Sources */ = {isa = PBXBuildFile; fileRef = 046963F720AAC8DD00459EC8 /* WalletsCell.swift */; };
		0469641620ABB87200459EC8 /* TransNumberCell.swift in Sources */ = {isa = PBXBuildFile; fileRef = 0469640920ABB87200459EC8 /* TransNumberCell.swift */; };
		0469641720ABB87200459EC8 /* TransExpensesCell.swift in Sources */ = {isa = PBXBuildFile; fileRef = 0469640A20ABB87200459EC8 /* TransExpensesCell.swift */; };
		0469641820ABB87200459EC8 /* TransTradePairsCell.swift in Sources */ = {isa = PBXBuildFile; fileRef = 0469640B20ABB87200459EC8 /* TransTradePairsCell.swift */; };
		0469641920ABB87200459EC8 /* TransCoinMarketCell.swift in Sources */ = {isa = PBXBuildFile; fileRef = 0469640C20ABB87200459EC8 /* TransCoinMarketCell.swift */; };
		0469641A20ABB87200459EC8 /* TransDateCell.swift in Sources */ = {isa = PBXBuildFile; fileRef = 0469640D20ABB87200459EC8 /* TransDateCell.swift */; };
		0469641B20ABB87200459EC8 /* TransCoinTypeCell.swift in Sources */ = {isa = PBXBuildFile; fileRef = 0469640E20ABB87200459EC8 /* TransCoinTypeCell.swift */; };
		0469641C20ABB87200459EC8 /* TransTimeCell.swift in Sources */ = {isa = PBXBuildFile; fileRef = 0469640F20ABB87200459EC8 /* TransTimeCell.swift */; };
		0469641D20ABB87200459EC8 /* TransPriceCell.swift in Sources */ = {isa = PBXBuildFile; fileRef = 0469641020ABB87200459EC8 /* TransPriceCell.swift */; };
		0469641E20ABB87200459EC8 /* TransAdditionalCell.swift in Sources */ = {isa = PBXBuildFile; fileRef = 0469641120ABB87200459EC8 /* TransAdditionalCell.swift */; };
		0469641F20ABB87200459EC8 /* HistoryTableViewCell.swift in Sources */ = {isa = PBXBuildFile; fileRef = 0469641320ABB87200459EC8 /* HistoryTableViewCell.swift */; };
		0469642020ABB87200459EC8 /* HistoryLine.swift in Sources */ = {isa = PBXBuildFile; fileRef = 0469641420ABB87200459EC8 /* HistoryLine.swift */; };
		0469642120ABB87200459EC8 /* HistoryPoint.swift in Sources */ = {isa = PBXBuildFile; fileRef = 0469641520ABB87200459EC8 /* HistoryPoint.swift */; };
		0469642320ABBC3800459EC8 /* WalletDetail.swift in Sources */ = {isa = PBXBuildFile; fileRef = 0469642220ABBC3800459EC8 /* WalletDetail.swift */; };
		0479A03D20A16584004A0433 /* GlobalDataRealm.swift in Sources */ = {isa = PBXBuildFile; fileRef = 0479A03C20A16584004A0433 /* GlobalDataRealm.swift */; };
		04B982BC20AD06500020A6A8 /* CancelTouchKeyboard.swift in Sources */ = {isa = PBXBuildFile; fileRef = 04B982BB20AD06500020A6A8 /* CancelTouchKeyboard.swift */; };
		04BDD41820A42A87009D8A0A /* GenuineSliderViewCell.swift in Sources */ = {isa = PBXBuildFile; fileRef = 04BDD41720A42A87009D8A0A /* GenuineSliderViewCell.swift */; };
		04BDD41A20A42A9C009D8A0A /* NewsSliderViewCell.swift in Sources */ = {isa = PBXBuildFile; fileRef = 04BDD41920A42A9C009D8A0A /* NewsSliderViewCell.swift */; };
		04BDD41C20A42AA9009D8A0A /* GenuineListViewCell.swift in Sources */ = {isa = PBXBuildFile; fileRef = 04BDD41B20A42AA9009D8A0A /* GenuineListViewCell.swift */; };
		04BDD41E20A42AB6009D8A0A /* NewsCell.swift in Sources */ = {isa = PBXBuildFile; fileRef = 04BDD41D20A42AB6009D8A0A /* NewsCell.swift */; };
		04BDD42020A42AC1009D8A0A /* VideoCell.swift in Sources */ = {isa = PBXBuildFile; fileRef = 04BDD41F20A42AC1009D8A0A /* VideoCell.swift */; };
		04BDD42220A42AE6009D8A0A /* NewsSliderCell.swift in Sources */ = {isa = PBXBuildFile; fileRef = 04BDD42120A42AE6009D8A0A /* NewsSliderCell.swift */; };
		04BDD42420A42AF3009D8A0A /* NewsMenuCell.swift in Sources */ = {isa = PBXBuildFile; fileRef = 04BDD42320A42AF3009D8A0A /* NewsMenuCell.swift */; };
		04BDD42620A42AFE009D8A0A /* GenuineCell.swift in Sources */ = {isa = PBXBuildFile; fileRef = 04BDD42520A42AFE009D8A0A /* GenuineCell.swift */; };
		04BDD42820A42B0A009D8A0A /* GenuineSliderCell.swift in Sources */ = {isa = PBXBuildFile; fileRef = 04BDD42720A42B09009D8A0A /* GenuineSliderCell.swift */; };
		04BDD42A20A42B16009D8A0A /* NewsMenuBar.swift in Sources */ = {isa = PBXBuildFile; fileRef = 04BDD42920A42B16009D8A0A /* NewsMenuBar.swift */; };
		04BDD42C20A42B21009D8A0A /* NewsListViewCell.swift in Sources */ = {isa = PBXBuildFile; fileRef = 04BDD42B20A42B21009D8A0A /* NewsListViewCell.swift */; };
		04BDD42E20A42B33009D8A0A /* SelectionViewCell.swift in Sources */ = {isa = PBXBuildFile; fileRef = 04BDD42D20A42B32009D8A0A /* SelectionViewCell.swift */; };
		04E4F018209B19A700A2D0BF /* TimelineTableViewController.swift in Sources */ = {isa = PBXBuildFile; fileRef = 04E4F015209B19A700A2D0BF /* TimelineTableViewController.swift */; };
		04E4F019209B19A700A2D0BF /* NewsFlash.swift in Sources */ = {isa = PBXBuildFile; fileRef = 04E4F016209B19A700A2D0BF /* NewsFlash.swift */; };
		04E4F01A209B19A700A2D0BF /* NewsFlashViewController.swift in Sources */ = {isa = PBXBuildFile; fileRef = 04E4F017209B19A700A2D0BF /* NewsFlashViewController.swift */; };
		04E4F020209B19BB00A2D0BF /* TimelineTableViewCell.swift in Sources */ = {isa = PBXBuildFile; fileRef = 04E4F01C209B19BB00A2D0BF /* TimelineTableViewCell.swift */; };
		04E4F021209B19BB00A2D0BF /* Timeline.swift in Sources */ = {isa = PBXBuildFile; fileRef = 04E4F01D209B19BB00A2D0BF /* Timeline.swift */; };
		04E4F022209B19BB00A2D0BF /* TimelinePoint.swift in Sources */ = {isa = PBXBuildFile; fileRef = 04E4F01E209B19BB00A2D0BF /* TimelinePoint.swift */; };
		04E4F023209B19BB00A2D0BF /* TimelineTableViewCell.xib in Resources */ = {isa = PBXBuildFile; fileRef = 04E4F01F209B19BB00A2D0BF /* TimelineTableViewCell.xib */; };
		1AF2BE2D20AE997800323D6A /* NewsDetailWebViewController.swift in Sources */ = {isa = PBXBuildFile; fileRef = 1AF2BE2C20AE997800323D6A /* NewsDetailWebViewController.swift */; };
		5701A8FE209B6C3F00A216C4 /* MarketCollectionViewCell.swift in Sources */ = {isa = PBXBuildFile; fileRef = 5701A8FD209B6C3F00A216C4 /* MarketCollectionViewCell.swift */; };
		576FA8F12092DA5C005B6406 /* ThemeColor.swift in Sources */ = {isa = PBXBuildFile; fileRef = 576FA8F02092DA5C005B6406 /* ThemeColor.swift */; };
		576FA8F42092E670005B6406 /* AppImage.swift in Sources */ = {isa = PBXBuildFile; fileRef = 576FA8F32092E670005B6406 /* AppImage.swift */; };
		576FA8F92095D89F005B6406 /* MenuBar.swift in Sources */ = {isa = PBXBuildFile; fileRef = 576FA8F82095D89F005B6406 /* MenuBar.swift */; };
		576FA8FB2095DA82005B6406 /* MarketController.swift in Sources */ = {isa = PBXBuildFile; fileRef = 576FA8FA2095DA82005B6406 /* MarketController.swift */; };
		576FA9002096ACD1005B6406 /* MarketsCell.swift in Sources */ = {isa = PBXBuildFile; fileRef = 576FA8FF2096ACD1005B6406 /* MarketsCell.swift */; };
		576FA903209733ED005B6406 /* MarketsTotalView.swift in Sources */ = {isa = PBXBuildFile; fileRef = 576FA902209733ED005B6406 /* MarketsTotalView.swift */; };
		576FA90720976509005B6406 /* MarketsCoinTableViewCell.swift in Sources */ = {isa = PBXBuildFile; fileRef = 576FA90620976509005B6406 /* MarketsCoinTableViewCell.swift */; };
		576FA9092097D41A005B6406 /* WatchlistCell.swift in Sources */ = {isa = PBXBuildFile; fileRef = 576FA9082097D41A005B6406 /* WatchlistCell.swift */; };
		576FA90B20980201005B6406 /* MarketFilterCollectionView.swift in Sources */ = {isa = PBXBuildFile; fileRef = 576FA90A20980201005B6406 /* MarketFilterCollectionView.swift */; };
		576FA90D20980641005B6406 /* MarketSortPickerView.swift in Sources */ = {isa = PBXBuildFile; fileRef = 576FA90C20980641005B6406 /* MarketSortPickerView.swift */; };
		57D9A43F20AC05F600344BB1 /* MemoryData.swift in Sources */ = {isa = PBXBuildFile; fileRef = 57D9A43E20AC05F600344BB1 /* MemoryData.swift */; };
		F0A477DC98285AF7CF6AD1CC /* Pods_news_app_for_blockchain.framework in Frameworks */ = {isa = PBXBuildFile; fileRef = E2523D3F8E20ECC3644FC3C0 /* Pods_news_app_for_blockchain.framework */; };
/* End PBXBuildFile section */

/* Begin PBXFileReference section */
		041519B320A283C70031D98F /* TickerDataRealm.swift */ = {isa = PBXFileReference; lastKnownFileType = sourcecode.swift; path = TickerDataRealm.swift; sourceTree = "<group>"; };
		0419421F20A42F7E006B26C6 /* NewsDetailViewController.swift */ = {isa = PBXFileReference; fileEncoding = 4; lastKnownFileType = sourcecode.swift; path = NewsDetailViewController.swift; sourceTree = "<group>"; };
		0419422020A42F7E006B26C6 /* HomeViewController.swift */ = {isa = PBXFileReference; fileEncoding = 4; lastKnownFileType = sourcecode.swift; path = HomeViewController.swift; sourceTree = "<group>"; };
		0419422120A42F7E006B26C6 /* GenuineDetailViewController.swift */ = {isa = PBXFileReference; fileEncoding = 4; lastKnownFileType = sourcecode.swift; path = GenuineDetailViewController.swift; sourceTree = "<group>"; };
		0419422220A42F7E006B26C6 /* VideoDetailViewController.swift */ = {isa = PBXFileReference; fileEncoding = 4; lastKnownFileType = sourcecode.swift; path = VideoDetailViewController.swift; sourceTree = "<group>"; };
		0419422820A42FB0006B26C6 /* Genuine.swift */ = {isa = PBXFileReference; fileEncoding = 4; lastKnownFileType = sourcecode.swift; path = Genuine.swift; sourceTree = "<group>"; };
		0419422920A42FB0006B26C6 /* News.swift */ = {isa = PBXFileReference; fileEncoding = 4; lastKnownFileType = sourcecode.swift; path = News.swift; sourceTree = "<group>"; };
		0419422A20A42FB0006B26C6 /* Video.swift */ = {isa = PBXFileReference; fileEncoding = 4; lastKnownFileType = sourcecode.swift; path = Video.swift; sourceTree = "<group>"; };
		0419423020A43080006B26C6 /* APIService.swift */ = {isa = PBXFileReference; fileEncoding = 4; lastKnownFileType = sourcecode.swift; path = APIService.swift; sourceTree = "<group>"; };
		0419423120A43080006B26C6 /* Extensions.swift */ = {isa = PBXFileReference; fileEncoding = 4; lastKnownFileType = sourcecode.swift; path = Extensions.swift; sourceTree = "<group>"; };
		0419423220A43080006B26C6 /* BaseCell.swift */ = {isa = PBXFileReference; fileEncoding = 4; lastKnownFileType = sourcecode.swift; path = BaseCell.swift; sourceTree = "<group>"; };
		041F40D0207EDD48008DCA69 /* news app for blockchain.app */ = {isa = PBXFileReference; explicitFileType = wrapper.application; includeInIndex = 0; path = "news app for blockchain.app"; sourceTree = BUILT_PRODUCTS_DIR; };
		041F40D3207EDD48008DCA69 /* AppDelegate.swift */ = {isa = PBXFileReference; lastKnownFileType = sourcecode.swift; path = AppDelegate.swift; sourceTree = "<group>"; };
		041F40D8207EDD48008DCA69 /* Base */ = {isa = PBXFileReference; lastKnownFileType = file.storyboard; name = Base; path = Base.lproj/Main.storyboard; sourceTree = "<group>"; };
		041F40DD207EDD49008DCA69 /* Assets.xcassets */ = {isa = PBXFileReference; lastKnownFileType = folder.assetcatalog; path = Assets.xcassets; sourceTree = "<group>"; };
		041F40E0207EDD49008DCA69 /* Base */ = {isa = PBXFileReference; lastKnownFileType = file.storyboard; name = Base; path = Base.lproj/LaunchScreen.storyboard; sourceTree = "<group>"; };
		041F40E2207EDD49008DCA69 /* Info.plist */ = {isa = PBXFileReference; lastKnownFileType = text.plist.xml; path = Info.plist; sourceTree = "<group>"; };
		045BF2BB20A3F52C00796F2E /* CoinImageSetter.swift */ = {isa = PBXFileReference; lastKnownFileType = sourcecode.swift; path = CoinImageSetter.swift; sourceTree = "<group>"; };
		045BF2BD20A4060600796F2E /* CoinsInWatchListRealm.swift */ = {isa = PBXFileReference; lastKnownFileType = sourcecode.swift; path = CoinsInWatchListRealm.swift; sourceTree = "<group>"; };
		0469637E20AAB20E00459EC8 /* DefaultCurrencyViewController.swift */ = {isa = PBXFileReference; fileEncoding = 4; lastKnownFileType = sourcecode.swift; path = DefaultCurrencyViewController.swift; sourceTree = "<group>"; };
		0469637F20AAB20E00459EC8 /* defCurrency.swift */ = {isa = PBXFileReference; fileEncoding = 4; lastKnownFileType = sourcecode.swift; path = defCurrency.swift; sourceTree = "<group>"; };
		0469638120AAB20E00459EC8 /* WebDetailViewController.swift */ = {isa = PBXFileReference; fileEncoding = 4; lastKnownFileType = sourcecode.swift; path = WebDetailViewController.swift; sourceTree = "<group>"; };
		0469638220AAB20E00459EC8 /* WebMainViewController.swift */ = {isa = PBXFileReference; fileEncoding = 4; lastKnownFileType = sourcecode.swift; path = WebMainViewController.swift; sourceTree = "<group>"; };
		0469638320AAB20E00459EC8 /* MoreOptionMainViewController.swift */ = {isa = PBXFileReference; fileEncoding = 4; lastKnownFileType = sourcecode.swift; path = MoreOptionMainViewController.swift; sourceTree = "<group>"; };
		0469638420AAB20E00459EC8 /* defDisplayOpt.swift */ = {isa = PBXFileReference; fileEncoding = 4; lastKnownFileType = sourcecode.swift; path = defDisplayOpt.swift; sourceTree = "<group>"; };
		0469638520AAB20E00459EC8 /* OtherDetailViewController.swift */ = {isa = PBXFileReference; fileEncoding = 4; lastKnownFileType = sourcecode.swift; path = OtherDetailViewController.swift; sourceTree = "<group>"; };
		0469638620AAB20E00459EC8 /* OtherOptionViewController.swift */ = {isa = PBXFileReference; fileEncoding = 4; lastKnownFileType = sourcecode.swift; path = OtherOptionViewController.swift; sourceTree = "<group>"; };
		046963AC20AAC86800459EC8 /* GetDataResult.swift */ = {isa = PBXFileReference; fileEncoding = 4; lastKnownFileType = sourcecode.swift; path = GetDataResult.swift; sourceTree = "<group>"; };
		046963AE20AAC86900459EC8 /* SaveStructToRealmObjects.swift */ = {isa = PBXFileReference; fileEncoding = 4; lastKnownFileType = sourcecode.swift; path = SaveStructToRealmObjects.swift; sourceTree = "<group>"; };
		046963AF20AAC86900459EC8 /* Exchange.swift */ = {isa = PBXFileReference; fileEncoding = 4; lastKnownFileType = sourcecode.swift; path = Exchange.swift; sourceTree = "<group>"; };
		046963B020AAC86900459EC8 /* AllTransactions.swift */ = {isa = PBXFileReference; fileEncoding = 4; lastKnownFileType = sourcecode.swift; path = AllTransactions.swift; sourceTree = "<group>"; };
		046963B120AAC86900459EC8 /* CryptoCompareCoin.swift */ = {isa = PBXFileReference; fileEncoding = 4; lastKnownFileType = sourcecode.swift; path = CryptoCompareCoin.swift; sourceTree = "<group>"; };
		046963B320AAC86A00459EC8 /* CryptoCompareCoinListResult.swift */ = {isa = PBXFileReference; fileEncoding = 4; lastKnownFileType = sourcecode.swift; path = CryptoCompareCoinListResult.swift; sourceTree = "<group>"; };
		046963B420AAC86A00459EC8 /* CryptoCompareCoinsRealm.swift */ = {isa = PBXFileReference; fileEncoding = 4; lastKnownFileType = sourcecode.swift; path = CryptoCompareCoinsRealm.swift; sourceTree = "<group>"; };
		046963B520AAC86A00459EC8 /* ExchangeList.swift */ = {isa = PBXFileReference; fileEncoding = 4; lastKnownFileType = sourcecode.swift; path = ExchangeList.swift; sourceTree = "<group>"; };
		046963B620AAC86A00459EC8 /* SetDataResult.swift */ = {isa = PBXFileReference; fileEncoding = 4; lastKnownFileType = sourcecode.swift; path = SetDataResult.swift; sourceTree = "<group>"; };
		046963B720AAC86A00459EC8 /* MarketCapCoin.swift */ = {isa = PBXFileReference; fileEncoding = 4; lastKnownFileType = sourcecode.swift; path = MarketCapCoin.swift; sourceTree = "<group>"; };
		046963C420AAC89000459EC8 /* TransactionFrom.swift */ = {isa = PBXFileReference; fileEncoding = 4; lastKnownFileType = sourcecode.swift; path = TransactionFrom.swift; sourceTree = "<group>"; };
		046963C520AAC89100459EC8 /* TransactionsController.swift */ = {isa = PBXFileReference; fileEncoding = 4; lastKnownFileType = sourcecode.swift; path = TransactionsController.swift; sourceTree = "<group>"; };
		046963C620AAC89100459EC8 /* CaculationFunction.swift */ = {isa = PBXFileReference; fileEncoding = 4; lastKnownFileType = sourcecode.swift; path = CaculationFunction.swift; sourceTree = "<group>"; };
		046963C720AAC89100459EC8 /* WalletController.swift */ = {isa = PBXFileReference; fileEncoding = 4; lastKnownFileType = sourcecode.swift; path = WalletController.swift; sourceTree = "<group>"; };
		046963C820AAC89100459EC8 /* SearchTradingPairController.swift */ = {isa = PBXFileReference; fileEncoding = 4; lastKnownFileType = sourcecode.swift; path = SearchTradingPairController.swift; sourceTree = "<group>"; };
		046963CA20AAC89200459EC8 /* SearchExchangesController.swift */ = {isa = PBXFileReference; fileEncoding = 4; lastKnownFileType = sourcecode.swift; path = SearchExchangesController.swift; sourceTree = "<group>"; };
		046963CB20AAC89200459EC8 /* SearchCoinController.swift */ = {isa = PBXFileReference; fileEncoding = 4; lastKnownFileType = sourcecode.swift; path = SearchCoinController.swift; sourceTree = "<group>"; };
		046963CC20AAC89200459EC8 /* TransactionFormData.swift */ = {isa = PBXFileReference; fileEncoding = 4; lastKnownFileType = sourcecode.swift; path = TransactionFormData.swift; sourceTree = "<group>"; };
		046963D620AAC8B100459EC8 /* APIErrors.swift */ = {isa = PBXFileReference; fileEncoding = 4; lastKnownFileType = sourcecode.swift; path = APIErrors.swift; sourceTree = "<group>"; };
		046963D720AAC8B200459EC8 /* Endpoint.swift */ = {isa = PBXFileReference; fileEncoding = 4; lastKnownFileType = sourcecode.swift; path = Endpoint.swift; sourceTree = "<group>"; };
		046963D820AAC8B200459EC8 /* MarketCapEndpoint.swift */ = {isa = PBXFileReference; fileEncoding = 4; lastKnownFileType = sourcecode.swift; path = MarketCapEndpoint.swift; sourceTree = "<group>"; };
		046963D920AAC8B200459EC8 /* TickerDataFetcherV2.swift */ = {isa = PBXFileReference; fileEncoding = 4; lastKnownFileType = sourcecode.swift; path = TickerDataFetcherV2.swift; sourceTree = "<group>"; };
		046963DA20AAC8B200459EC8 /* README.md */ = {isa = PBXFileReference; fileEncoding = 4; lastKnownFileType = net.daringfireball.markdown; path = README.md; sourceTree = "<group>"; };
		046963DB20AAC8B300459EC8 /* CryptoCompareEndpoint.swift */ = {isa = PBXFileReference; fileEncoding = 4; lastKnownFileType = sourcecode.swift; path = CryptoCompareEndpoint.swift; sourceTree = "<group>"; };
		046963DC20AAC8B300459EC8 /* CryptoCompareClient.swift */ = {isa = PBXFileReference; fileEncoding = 4; lastKnownFileType = sourcecode.swift; path = CryptoCompareClient.swift; sourceTree = "<group>"; };
		046963DD20AAC8B300459EC8 /* MarketCapClient.swift */ = {isa = PBXFileReference; fileEncoding = 4; lastKnownFileType = sourcecode.swift; path = MarketCapClient.swift; sourceTree = "<group>"; };
		046963DE20AAC8B400459EC8 /* APIClient.swift */ = {isa = PBXFileReference; fileEncoding = 4; lastKnownFileType = sourcecode.swift; path = APIClient.swift; sourceTree = "<group>"; };
		046963F620AAC8DD00459EC8 /* CoinTypeTableViewCell.swift */ = {isa = PBXFileReference; fileEncoding = 4; lastKnownFileType = sourcecode.swift; path = CoinTypeTableViewCell.swift; sourceTree = "<group>"; };
		046963F720AAC8DD00459EC8 /* WalletsCell.swift */ = {isa = PBXFileReference; fileEncoding = 4; lastKnownFileType = sourcecode.swift; path = WalletsCell.swift; sourceTree = "<group>"; };
		0469640920ABB87200459EC8 /* TransNumberCell.swift */ = {isa = PBXFileReference; fileEncoding = 4; lastKnownFileType = sourcecode.swift; path = TransNumberCell.swift; sourceTree = "<group>"; };
		0469640A20ABB87200459EC8 /* TransExpensesCell.swift */ = {isa = PBXFileReference; fileEncoding = 4; lastKnownFileType = sourcecode.swift; path = TransExpensesCell.swift; sourceTree = "<group>"; };
		0469640B20ABB87200459EC8 /* TransTradePairsCell.swift */ = {isa = PBXFileReference; fileEncoding = 4; lastKnownFileType = sourcecode.swift; path = TransTradePairsCell.swift; sourceTree = "<group>"; };
		0469640C20ABB87200459EC8 /* TransCoinMarketCell.swift */ = {isa = PBXFileReference; fileEncoding = 4; lastKnownFileType = sourcecode.swift; path = TransCoinMarketCell.swift; sourceTree = "<group>"; };
		0469640D20ABB87200459EC8 /* TransDateCell.swift */ = {isa = PBXFileReference; fileEncoding = 4; lastKnownFileType = sourcecode.swift; path = TransDateCell.swift; sourceTree = "<group>"; };
		0469640E20ABB87200459EC8 /* TransCoinTypeCell.swift */ = {isa = PBXFileReference; fileEncoding = 4; lastKnownFileType = sourcecode.swift; path = TransCoinTypeCell.swift; sourceTree = "<group>"; };
		0469640F20ABB87200459EC8 /* TransTimeCell.swift */ = {isa = PBXFileReference; fileEncoding = 4; lastKnownFileType = sourcecode.swift; path = TransTimeCell.swift; sourceTree = "<group>"; };
		0469641020ABB87200459EC8 /* TransPriceCell.swift */ = {isa = PBXFileReference; fileEncoding = 4; lastKnownFileType = sourcecode.swift; path = TransPriceCell.swift; sourceTree = "<group>"; };
		0469641120ABB87200459EC8 /* TransAdditionalCell.swift */ = {isa = PBXFileReference; fileEncoding = 4; lastKnownFileType = sourcecode.swift; path = TransAdditionalCell.swift; sourceTree = "<group>"; };
		0469641320ABB87200459EC8 /* HistoryTableViewCell.swift */ = {isa = PBXFileReference; fileEncoding = 4; lastKnownFileType = sourcecode.swift; path = HistoryTableViewCell.swift; sourceTree = "<group>"; };
		0469641420ABB87200459EC8 /* HistoryLine.swift */ = {isa = PBXFileReference; fileEncoding = 4; lastKnownFileType = sourcecode.swift; path = HistoryLine.swift; sourceTree = "<group>"; };
		0469641520ABB87200459EC8 /* HistoryPoint.swift */ = {isa = PBXFileReference; fileEncoding = 4; lastKnownFileType = sourcecode.swift; path = HistoryPoint.swift; sourceTree = "<group>"; };
		0469642220ABBC3800459EC8 /* WalletDetail.swift */ = {isa = PBXFileReference; fileEncoding = 4; lastKnownFileType = sourcecode.swift; path = WalletDetail.swift; sourceTree = "<group>"; };
		0479A03C20A16584004A0433 /* GlobalDataRealm.swift */ = {isa = PBXFileReference; lastKnownFileType = sourcecode.swift; path = GlobalDataRealm.swift; sourceTree = "<group>"; };
		04B982BB20AD06500020A6A8 /* CancelTouchKeyboard.swift */ = {isa = PBXFileReference; lastKnownFileType = sourcecode.swift; path = CancelTouchKeyboard.swift; sourceTree = "<group>"; };
		04BDD41720A42A87009D8A0A /* GenuineSliderViewCell.swift */ = {isa = PBXFileReference; fileEncoding = 4; lastKnownFileType = sourcecode.swift; path = GenuineSliderViewCell.swift; sourceTree = "<group>"; };
		04BDD41920A42A9C009D8A0A /* NewsSliderViewCell.swift */ = {isa = PBXFileReference; fileEncoding = 4; lastKnownFileType = sourcecode.swift; path = NewsSliderViewCell.swift; sourceTree = "<group>"; };
		04BDD41B20A42AA9009D8A0A /* GenuineListViewCell.swift */ = {isa = PBXFileReference; fileEncoding = 4; lastKnownFileType = sourcecode.swift; path = GenuineListViewCell.swift; sourceTree = "<group>"; };
		04BDD41D20A42AB6009D8A0A /* NewsCell.swift */ = {isa = PBXFileReference; fileEncoding = 4; lastKnownFileType = sourcecode.swift; path = NewsCell.swift; sourceTree = "<group>"; };
		04BDD41F20A42AC1009D8A0A /* VideoCell.swift */ = {isa = PBXFileReference; fileEncoding = 4; lastKnownFileType = sourcecode.swift; path = VideoCell.swift; sourceTree = "<group>"; };
		04BDD42120A42AE6009D8A0A /* NewsSliderCell.swift */ = {isa = PBXFileReference; fileEncoding = 4; lastKnownFileType = sourcecode.swift; path = NewsSliderCell.swift; sourceTree = "<group>"; };
		04BDD42320A42AF3009D8A0A /* NewsMenuCell.swift */ = {isa = PBXFileReference; fileEncoding = 4; lastKnownFileType = sourcecode.swift; path = NewsMenuCell.swift; sourceTree = "<group>"; };
		04BDD42520A42AFE009D8A0A /* GenuineCell.swift */ = {isa = PBXFileReference; fileEncoding = 4; lastKnownFileType = sourcecode.swift; path = GenuineCell.swift; sourceTree = "<group>"; };
		04BDD42720A42B09009D8A0A /* GenuineSliderCell.swift */ = {isa = PBXFileReference; fileEncoding = 4; lastKnownFileType = sourcecode.swift; path = GenuineSliderCell.swift; sourceTree = "<group>"; };
		04BDD42920A42B16009D8A0A /* NewsMenuBar.swift */ = {isa = PBXFileReference; fileEncoding = 4; lastKnownFileType = sourcecode.swift; path = NewsMenuBar.swift; sourceTree = "<group>"; };
		04BDD42B20A42B21009D8A0A /* NewsListViewCell.swift */ = {isa = PBXFileReference; fileEncoding = 4; lastKnownFileType = sourcecode.swift; path = NewsListViewCell.swift; sourceTree = "<group>"; };
		04BDD42D20A42B32009D8A0A /* SelectionViewCell.swift */ = {isa = PBXFileReference; fileEncoding = 4; lastKnownFileType = sourcecode.swift; path = SelectionViewCell.swift; sourceTree = "<group>"; };
		04E4F015209B19A700A2D0BF /* TimelineTableViewController.swift */ = {isa = PBXFileReference; fileEncoding = 4; lastKnownFileType = sourcecode.swift; path = TimelineTableViewController.swift; sourceTree = "<group>"; };
		04E4F016209B19A700A2D0BF /* NewsFlash.swift */ = {isa = PBXFileReference; fileEncoding = 4; lastKnownFileType = sourcecode.swift; path = NewsFlash.swift; sourceTree = "<group>"; };
		04E4F017209B19A700A2D0BF /* NewsFlashViewController.swift */ = {isa = PBXFileReference; fileEncoding = 4; lastKnownFileType = sourcecode.swift; path = NewsFlashViewController.swift; sourceTree = "<group>"; };
		04E4F01C209B19BB00A2D0BF /* TimelineTableViewCell.swift */ = {isa = PBXFileReference; fileEncoding = 4; lastKnownFileType = sourcecode.swift; path = TimelineTableViewCell.swift; sourceTree = "<group>"; };
		04E4F01D209B19BB00A2D0BF /* Timeline.swift */ = {isa = PBXFileReference; fileEncoding = 4; lastKnownFileType = sourcecode.swift; path = Timeline.swift; sourceTree = "<group>"; };
		04E4F01E209B19BB00A2D0BF /* TimelinePoint.swift */ = {isa = PBXFileReference; fileEncoding = 4; lastKnownFileType = sourcecode.swift; path = TimelinePoint.swift; sourceTree = "<group>"; };
		04E4F01F209B19BB00A2D0BF /* TimelineTableViewCell.xib */ = {isa = PBXFileReference; fileEncoding = 4; lastKnownFileType = file.xib; path = TimelineTableViewCell.xib; sourceTree = "<group>"; };
		1AF2BE2C20AE997800323D6A /* NewsDetailWebViewController.swift */ = {isa = PBXFileReference; lastKnownFileType = sourcecode.swift; path = NewsDetailWebViewController.swift; sourceTree = "<group>"; };
		2021A9E52FD0BE1EC8D009DC /* Pods-news app for blockchain.release.xcconfig */ = {isa = PBXFileReference; includeInIndex = 1; lastKnownFileType = text.xcconfig; name = "Pods-news app for blockchain.release.xcconfig"; path = "Pods/Target Support Files/Pods-news app for blockchain/Pods-news app for blockchain.release.xcconfig"; sourceTree = "<group>"; };
		5701A8FD209B6C3F00A216C4 /* MarketCollectionViewCell.swift */ = {isa = PBXFileReference; lastKnownFileType = sourcecode.swift; path = MarketCollectionViewCell.swift; sourceTree = "<group>"; };
		576FA8F02092DA5C005B6406 /* ThemeColor.swift */ = {isa = PBXFileReference; lastKnownFileType = sourcecode.swift; path = ThemeColor.swift; sourceTree = "<group>"; };
		576FA8F32092E670005B6406 /* AppImage.swift */ = {isa = PBXFileReference; lastKnownFileType = sourcecode.swift; path = AppImage.swift; sourceTree = "<group>"; };
		576FA8F82095D89F005B6406 /* MenuBar.swift */ = {isa = PBXFileReference; lastKnownFileType = sourcecode.swift; path = MenuBar.swift; sourceTree = "<group>"; };
		576FA8FA2095DA82005B6406 /* MarketController.swift */ = {isa = PBXFileReference; lastKnownFileType = sourcecode.swift; path = MarketController.swift; sourceTree = "<group>"; };
		576FA8FF2096ACD1005B6406 /* MarketsCell.swift */ = {isa = PBXFileReference; lastKnownFileType = sourcecode.swift; path = MarketsCell.swift; sourceTree = "<group>"; };
		576FA902209733ED005B6406 /* MarketsTotalView.swift */ = {isa = PBXFileReference; lastKnownFileType = sourcecode.swift; path = MarketsTotalView.swift; sourceTree = "<group>"; };
		576FA90620976509005B6406 /* MarketsCoinTableViewCell.swift */ = {isa = PBXFileReference; lastKnownFileType = sourcecode.swift; path = MarketsCoinTableViewCell.swift; sourceTree = "<group>"; };
		576FA9082097D41A005B6406 /* WatchlistCell.swift */ = {isa = PBXFileReference; lastKnownFileType = sourcecode.swift; path = WatchlistCell.swift; sourceTree = "<group>"; };
		576FA90A20980201005B6406 /* MarketFilterCollectionView.swift */ = {isa = PBXFileReference; lastKnownFileType = sourcecode.swift; path = MarketFilterCollectionView.swift; sourceTree = "<group>"; };
		576FA90C20980641005B6406 /* MarketSortPickerView.swift */ = {isa = PBXFileReference; lastKnownFileType = sourcecode.swift; path = MarketSortPickerView.swift; sourceTree = "<group>"; };
		57D9A43E20AC05F600344BB1 /* MemoryData.swift */ = {isa = PBXFileReference; lastKnownFileType = sourcecode.swift; path = MemoryData.swift; sourceTree = "<group>"; };
		E2523D3F8E20ECC3644FC3C0 /* Pods_news_app_for_blockchain.framework */ = {isa = PBXFileReference; explicitFileType = wrapper.framework; includeInIndex = 0; path = Pods_news_app_for_blockchain.framework; sourceTree = BUILT_PRODUCTS_DIR; };
		E2B5A1DB09E3F04A1F83FF22 /* Pods-news app for blockchain.debug.xcconfig */ = {isa = PBXFileReference; includeInIndex = 1; lastKnownFileType = text.xcconfig; name = "Pods-news app for blockchain.debug.xcconfig"; path = "Pods/Target Support Files/Pods-news app for blockchain/Pods-news app for blockchain.debug.xcconfig"; sourceTree = "<group>"; };
/* End PBXFileReference section */

/* Begin PBXFrameworksBuildPhase section */
		041F40CD207EDD48008DCA69 /* Frameworks */ = {
			isa = PBXFrameworksBuildPhase;
			buildActionMask = 2147483647;
			files = (
				F0A477DC98285AF7CF6AD1CC /* Pods_news_app_for_blockchain.framework in Frameworks */,
			);
			runOnlyForDeploymentPostprocessing = 0;
		};
/* End PBXFrameworksBuildPhase section */

/* Begin PBXGroup section */
		0419421E20A42F7E006B26C6 /* Controller */ = {
			isa = PBXGroup;
			children = (
				0419421F20A42F7E006B26C6 /* NewsDetailViewController.swift */,
				1AF2BE2C20AE997800323D6A /* NewsDetailWebViewController.swift */,
				0419422020A42F7E006B26C6 /* HomeViewController.swift */,
				0419422120A42F7E006B26C6 /* GenuineDetailViewController.swift */,
				0419422220A42F7E006B26C6 /* VideoDetailViewController.swift */,
			);
			path = Controller;
			sourceTree = "<group>";
		};
		0419422720A42FB0006B26C6 /* Model */ = {
			isa = PBXGroup;
			children = (
				0419422820A42FB0006B26C6 /* Genuine.swift */,
				0419422920A42FB0006B26C6 /* News.swift */,
				0419422A20A42FB0006B26C6 /* Video.swift */,
			);
			name = Model;
			path = "news app for blockchain/News/Model";
			sourceTree = SOURCE_ROOT;
		};
		0419422E20A43080006B26C6 /* Helpers */ = {
			isa = PBXGroup;
			children = (
				0419423020A43080006B26C6 /* APIService.swift */,
				0419423120A43080006B26C6 /* Extensions.swift */,
				0419423220A43080006B26C6 /* BaseCell.swift */,
			);
			path = Helpers;
			sourceTree = "<group>";
		};
		041F40C7207EDD47008DCA69 = {
			isa = PBXGroup;
			children = (
				041F40D2207EDD48008DCA69 /* news app for blockchain */,
				041F40D1207EDD48008DCA69 /* Products */,
				5AC8BC7FE114A8134E15E233 /* Pods */,
				7FA2035E59CC4A76CA64B71E /* Frameworks */,
			);
			sourceTree = "<group>";
		};
		041F40D1207EDD48008DCA69 /* Products */ = {
			isa = PBXGroup;
			children = (
				041F40D0207EDD48008DCA69 /* news app for blockchain.app */,
			);
			name = Products;
			sourceTree = "<group>";
		};
		041F40D2207EDD48008DCA69 /* news app for blockchain */ = {
			isa = PBXGroup;
			children = (
				045BF2BF20A4252D00796F2E /* News */,
				57510E1D20A13F2B00E7A7D9 /* Wallet */,
				57510E1E20A13F6D00E7A7D9 /* Markets */,
				576FA8F22092E47E005B6406 /* UI_Tools */,
				04E4F013209AFB9900A2D0BF /* Supporting Files */,
				04E4F01B209B19BB00A2D0BF /* Timeline */,
				04E4F014209B19A700A2D0BF /* NewsFlash */,
				0469637C20AAB20E00459EC8 /* MoreOptions */,
				041F40E2207EDD49008DCA69 /* Info.plist */,
				041F40D7207EDD48008DCA69 /* Main.storyboard */,
			);
			path = "news app for blockchain";
			sourceTree = "<group>";
		};
		045BF2BF20A4252D00796F2E /* News */ = {
			isa = PBXGroup;
			children = (
				045BF2C920A4252D00796F2E /* View */,
				0419422E20A43080006B26C6 /* Helpers */,
				0419422720A42FB0006B26C6 /* Model */,
				0419421E20A42F7E006B26C6 /* Controller */,
			);
			path = News;
			sourceTree = "<group>";
		};
		045BF2C920A4252D00796F2E /* View */ = {
			isa = PBXGroup;
			children = (
				04BDD41720A42A87009D8A0A /* GenuineSliderViewCell.swift */,
				04BDD41920A42A9C009D8A0A /* NewsSliderViewCell.swift */,
				04BDD41B20A42AA9009D8A0A /* GenuineListViewCell.swift */,
				04BDD41D20A42AB6009D8A0A /* NewsCell.swift */,
				04BDD41F20A42AC1009D8A0A /* VideoCell.swift */,
				04BDD42520A42AFE009D8A0A /* GenuineCell.swift */,
				04BDD42720A42B09009D8A0A /* GenuineSliderCell.swift */,
				04BDD42B20A42B21009D8A0A /* NewsListViewCell.swift */,
				04BDD42D20A42B32009D8A0A /* SelectionViewCell.swift */,
				04BDD42920A42B16009D8A0A /* NewsMenuBar.swift */,
				04BDD42320A42AF3009D8A0A /* NewsMenuCell.swift */,
				04BDD42120A42AE6009D8A0A /* NewsSliderCell.swift */,
			);
			path = View;
			sourceTree = "<group>";
		};
		0469637C20AAB20E00459EC8 /* MoreOptions */ = {
			isa = PBXGroup;
			children = (
				0469637D20AAB20E00459EC8 /* DefaultCurrency */,
				0469638020AAB20E00459EC8 /* BGLCommunity */,
				0469638320AAB20E00459EC8 /* MoreOptionMainViewController.swift */,
				0469638420AAB20E00459EC8 /* defDisplayOpt.swift */,
				0469638520AAB20E00459EC8 /* OtherDetailViewController.swift */,
				0469638620AAB20E00459EC8 /* OtherOptionViewController.swift */,
			);
			path = MoreOptions;
			sourceTree = "<group>";
		};
		0469637D20AAB20E00459EC8 /* DefaultCurrency */ = {
			isa = PBXGroup;
			children = (
				0469637E20AAB20E00459EC8 /* DefaultCurrencyViewController.swift */,
				0469637F20AAB20E00459EC8 /* defCurrency.swift */,
			);
			path = DefaultCurrency;
			sourceTree = "<group>";
		};
		0469638020AAB20E00459EC8 /* BGLCommunity */ = {
			isa = PBXGroup;
			children = (
				0469638120AAB20E00459EC8 /* WebDetailViewController.swift */,
				0469638220AAB20E00459EC8 /* WebMainViewController.swift */,
			);
			path = BGLCommunity;
			sourceTree = "<group>";
		};
		0469640820ABB87200459EC8 /* TransactionFromCell */ = {
			isa = PBXGroup;
			children = (
				0469640920ABB87200459EC8 /* TransNumberCell.swift */,
				0469640A20ABB87200459EC8 /* TransExpensesCell.swift */,
				0469640B20ABB87200459EC8 /* TransTradePairsCell.swift */,
				0469640C20ABB87200459EC8 /* TransCoinMarketCell.swift */,
				0469640D20ABB87200459EC8 /* TransDateCell.swift */,
				0469640E20ABB87200459EC8 /* TransCoinTypeCell.swift */,
				0469640F20ABB87200459EC8 /* TransTimeCell.swift */,
				0469641020ABB87200459EC8 /* TransPriceCell.swift */,
				0469641120ABB87200459EC8 /* TransAdditionalCell.swift */,
			);
			path = TransactionFromCell;
			sourceTree = "<group>";
		};
		0469641220ABB87200459EC8 /* TransactionHistory */ = {
			isa = PBXGroup;
			children = (
				0469641320ABB87200459EC8 /* HistoryTableViewCell.swift */,
				0469641420ABB87200459EC8 /* HistoryLine.swift */,
				0469641520ABB87200459EC8 /* HistoryPoint.swift */,
			);
			path = TransactionHistory;
			sourceTree = "<group>";
		};
		0479A03B20A16555004A0433 /* Markets_Model */ = {
			isa = PBXGroup;
			children = (
				0479A03C20A16584004A0433 /* GlobalDataRealm.swift */,
				041519B320A283C70031D98F /* TickerDataRealm.swift */,
				045BF2BD20A4060600796F2E /* CoinsInWatchListRealm.swift */,
			);
			path = Markets_Model;
			sourceTree = "<group>";
		};
		04B982BA20AD06390020A6A8 /* Helpers */ = {
			isa = PBXGroup;
			children = (
				04B982BB20AD06500020A6A8 /* CancelTouchKeyboard.swift */,
			);
			path = Helpers;
			sourceTree = "<group>";
		};
		04E4F013209AFB9900A2D0BF /* Supporting Files */ = {
			isa = PBXGroup;
			children = (
				041F40D3207EDD48008DCA69 /* AppDelegate.swift */,
				041F40DF207EDD49008DCA69 /* LaunchScreen.storyboard */,
				041F40DD207EDD49008DCA69 /* Assets.xcassets */,
			);
			path = "Supporting Files";
			sourceTree = "<group>";
		};
		04E4F014209B19A700A2D0BF /* NewsFlash */ = {
			isa = PBXGroup;
			children = (
				04E4F015209B19A700A2D0BF /* TimelineTableViewController.swift */,
				04E4F016209B19A700A2D0BF /* NewsFlash.swift */,
				04E4F017209B19A700A2D0BF /* NewsFlashViewController.swift */,
			);
			path = NewsFlash;
			sourceTree = "<group>";
		};
		04E4F01B209B19BB00A2D0BF /* Timeline */ = {
			isa = PBXGroup;
			children = (
				04E4F01C209B19BB00A2D0BF /* TimelineTableViewCell.swift */,
				04E4F01D209B19BB00A2D0BF /* Timeline.swift */,
				04E4F01E209B19BB00A2D0BF /* TimelinePoint.swift */,
				04E4F01F209B19BB00A2D0BF /* TimelineTableViewCell.xib */,
			);
			path = Timeline;
			sourceTree = "<group>";
		};
		4577D62D2091A3920087DF80 /* Wallet_Models */ = {
			isa = PBXGroup;
			children = (
				046963B020AAC86900459EC8 /* AllTransactions.swift */,
				046963B120AAC86900459EC8 /* CryptoCompareCoin.swift */,
				046963B320AAC86A00459EC8 /* CryptoCompareCoinListResult.swift */,
				046963B420AAC86A00459EC8 /* CryptoCompareCoinsRealm.swift */,
				046963AF20AAC86900459EC8 /* Exchange.swift */,
				046963B520AAC86A00459EC8 /* ExchangeList.swift */,
				046963AC20AAC86800459EC8 /* GetDataResult.swift */,
				046963B720AAC86A00459EC8 /* MarketCapCoin.swift */,
				046963AE20AAC86900459EC8 /* SaveStructToRealmObjects.swift */,
				046963B620AAC86A00459EC8 /* SetDataResult.swift */,
				0469642220ABBC3800459EC8 /* WalletDetail.swift */,
				57D9A43E20AC05F600344BB1 /* MemoryData.swift */,
			);
			path = Wallet_Models;
			sourceTree = "<group>";
		};
		4577D6332091A3920087DF80 /* Wallet_Networking */ = {
			isa = PBXGroup;
			children = (
				046963DE20AAC8B400459EC8 /* APIClient.swift */,
				046963D620AAC8B100459EC8 /* APIErrors.swift */,
				046963DC20AAC8B300459EC8 /* CryptoCompareClient.swift */,
				046963DB20AAC8B300459EC8 /* CryptoCompareEndpoint.swift */,
				046963D720AAC8B200459EC8 /* Endpoint.swift */,
				046963DD20AAC8B300459EC8 /* MarketCapClient.swift */,
				046963D820AAC8B200459EC8 /* MarketCapEndpoint.swift */,
				046963DA20AAC8B200459EC8 /* README.md */,
				046963D920AAC8B200459EC8 /* TickerDataFetcherV2.swift */,
			);
			path = Wallet_Networking;
			sourceTree = "<group>";
		};
		57510E1D20A13F2B00E7A7D9 /* Wallet */ = {
			isa = PBXGroup;
			children = (
				4577D6332091A3920087DF80 /* Wallet_Networking */,
				4577D62D2091A3920087DF80 /* Wallet_Models */,
				576FA8F72095C044005B6406 /* Wallet_Controller */,
				576FA8DA2091AD27005B6406 /* Wallet_View */,
			);
			path = Wallet;
			sourceTree = "<group>";
		};
		57510E1E20A13F6D00E7A7D9 /* Markets */ = {
			isa = PBXGroup;
			children = (
				04B982BA20AD06390020A6A8 /* Helpers */,
				0479A03B20A16555004A0433 /* Markets_Model */,
				576FA9012096ACEA005B6406 /* Markets_Controller */,
				576FA8FC2096A004005B6406 /* Markets_View */,
			);
			path = Markets;
			sourceTree = "<group>";
		};
		576FA8DA2091AD27005B6406 /* Wallet_View */ = {
			isa = PBXGroup;
			children = (
				0469640820ABB87200459EC8 /* TransactionFromCell */,
				0469641220ABB87200459EC8 /* TransactionHistory */,
				046963F620AAC8DD00459EC8 /* CoinTypeTableViewCell.swift */,
				046963F720AAC8DD00459EC8 /* WalletsCell.swift */,
			);
			path = Wallet_View;
			sourceTree = "<group>";
		};
		576FA8F22092E47E005B6406 /* UI_Tools */ = {
			isa = PBXGroup;
			children = (
				576FA8F02092DA5C005B6406 /* ThemeColor.swift */,
				576FA8F32092E670005B6406 /* AppImage.swift */,
				045BF2BB20A3F52C00796F2E /* CoinImageSetter.swift */,
			);
			path = UI_Tools;
			sourceTree = "<group>";
		};
		576FA8F72095C044005B6406 /* Wallet_Controller */ = {
			isa = PBXGroup;
			children = (
				046963C620AAC89100459EC8 /* CaculationFunction.swift */,
				046963CB20AAC89200459EC8 /* SearchCoinController.swift */,
				046963CA20AAC89200459EC8 /* SearchExchangesController.swift */,
				046963C820AAC89100459EC8 /* SearchTradingPairController.swift */,
				046963CC20AAC89200459EC8 /* TransactionFormData.swift */,
				046963C420AAC89000459EC8 /* TransactionFrom.swift */,
				046963C520AAC89100459EC8 /* TransactionsController.swift */,
				046963C720AAC89100459EC8 /* WalletController.swift */,
			);
			path = Wallet_Controller;
			sourceTree = "<group>";
		};
		576FA8FC2096A004005B6406 /* Markets_View */ = {
			isa = PBXGroup;
			children = (
				576FA8F82095D89F005B6406 /* MenuBar.swift */,
				576FA8FF2096ACD1005B6406 /* MarketsCell.swift */,
				576FA902209733ED005B6406 /* MarketsTotalView.swift */,
				576FA90620976509005B6406 /* MarketsCoinTableViewCell.swift */,
				576FA9082097D41A005B6406 /* WatchlistCell.swift */,
				576FA90A20980201005B6406 /* MarketFilterCollectionView.swift */,
				576FA90C20980641005B6406 /* MarketSortPickerView.swift */,
				5701A8FD209B6C3F00A216C4 /* MarketCollectionViewCell.swift */,
			);
			path = Markets_View;
			sourceTree = "<group>";
		};
		576FA9012096ACEA005B6406 /* Markets_Controller */ = {
			isa = PBXGroup;
			children = (
				576FA8FA2095DA82005B6406 /* MarketController.swift */,
			);
			path = Markets_Controller;
			sourceTree = "<group>";
		};
		5AC8BC7FE114A8134E15E233 /* Pods */ = {
			isa = PBXGroup;
			children = (
				E2B5A1DB09E3F04A1F83FF22 /* Pods-news app for blockchain.debug.xcconfig */,
				2021A9E52FD0BE1EC8D009DC /* Pods-news app for blockchain.release.xcconfig */,
			);
			name = Pods;
			sourceTree = "<group>";
		};
		7FA2035E59CC4A76CA64B71E /* Frameworks */ = {
			isa = PBXGroup;
			children = (
				E2523D3F8E20ECC3644FC3C0 /* Pods_news_app_for_blockchain.framework */,
			);
			name = Frameworks;
			sourceTree = "<group>";
		};
/* End PBXGroup section */

/* Begin PBXNativeTarget section */
		041F40CF207EDD48008DCA69 /* news app for blockchain */ = {
			isa = PBXNativeTarget;
			buildConfigurationList = 041F40E5207EDD49008DCA69 /* Build configuration list for PBXNativeTarget "news app for blockchain" */;
			buildPhases = (
				249647254B45F2117D397189 /* [CP] Check Pods Manifest.lock */,
				041F40CC207EDD48008DCA69 /* Sources */,
				041F40CD207EDD48008DCA69 /* Frameworks */,
				041F40CE207EDD48008DCA69 /* Resources */,
				B9ED2D803E1F1DE5FA57718D /* [CP] Embed Pods Frameworks */,
			);
			buildRules = (
			);
			dependencies = (
			);
			name = "news app for blockchain";
			productName = "news app for blockchain";
			productReference = 041F40D0207EDD48008DCA69 /* news app for blockchain.app */;
			productType = "com.apple.product-type.application";
		};
/* End PBXNativeTarget section */

/* Begin PBXProject section */
		041F40C8207EDD47008DCA69 /* Project object */ = {
			isa = PBXProject;
			attributes = {
				LastSwiftUpdateCheck = 0930;
				LastUpgradeCheck = 0930;
				ORGANIZATIONNAME = "Sheng Li";
				TargetAttributes = {
					041F40CF207EDD48008DCA69 = {
						CreatedOnToolsVersion = 9.3;
					};
				};
			};
			buildConfigurationList = 041F40CB207EDD47008DCA69 /* Build configuration list for PBXProject "news app for blockchain" */;
			compatibilityVersion = "Xcode 9.3";
			developmentRegion = en;
			hasScannedForEncodings = 0;
			knownRegions = (
				en,
				Base,
			);
			mainGroup = 041F40C7207EDD47008DCA69;
			productRefGroup = 041F40D1207EDD48008DCA69 /* Products */;
			projectDirPath = "";
			projectRoot = "";
			targets = (
				041F40CF207EDD48008DCA69 /* news app for blockchain */,
			);
		};
/* End PBXProject section */

/* Begin PBXResourcesBuildPhase section */
		041F40CE207EDD48008DCA69 /* Resources */ = {
			isa = PBXResourcesBuildPhase;
			buildActionMask = 2147483647;
			files = (
				041F40E1207EDD49008DCA69 /* LaunchScreen.storyboard in Resources */,
				041F40DE207EDD49008DCA69 /* Assets.xcassets in Resources */,
				046963E320AAC8B400459EC8 /* README.md in Resources */,
				041F40D9207EDD48008DCA69 /* Main.storyboard in Resources */,
				04E4F023209B19BB00A2D0BF /* TimelineTableViewCell.xib in Resources */,
			);
			runOnlyForDeploymentPostprocessing = 0;
		};
/* End PBXResourcesBuildPhase section */

/* Begin PBXShellScriptBuildPhase section */
		249647254B45F2117D397189 /* [CP] Check Pods Manifest.lock */ = {
			isa = PBXShellScriptBuildPhase;
			buildActionMask = 2147483647;
			files = (
			);
			inputPaths = (
				"${PODS_PODFILE_DIR_PATH}/Podfile.lock",
				"${PODS_ROOT}/Manifest.lock",
			);
			name = "[CP] Check Pods Manifest.lock";
			outputPaths = (
				"$(DERIVED_FILE_DIR)/Pods-news app for blockchain-checkManifestLockResult.txt",
			);
			runOnlyForDeploymentPostprocessing = 0;
			shellPath = /bin/sh;
			shellScript = "diff \"${PODS_PODFILE_DIR_PATH}/Podfile.lock\" \"${PODS_ROOT}/Manifest.lock\" > /dev/null\nif [ $? != 0 ] ; then\n    # print error to STDERR\n    echo \"error: The sandbox is not in sync with the Podfile.lock. Run 'pod install' or update your CocoaPods installation.\" >&2\n    exit 1\nfi\n# This output is used by Xcode 'outputs' to avoid re-running this script phase.\necho \"SUCCESS\" > \"${SCRIPT_OUTPUT_FILE_0}\"\n";
			showEnvVarsInLog = 0;
		};
		B9ED2D803E1F1DE5FA57718D /* [CP] Embed Pods Frameworks */ = {
			isa = PBXShellScriptBuildPhase;
			buildActionMask = 2147483647;
			files = (
			);
			inputPaths = (
				"${SRCROOT}/Pods/Target Support Files/Pods-news app for blockchain/Pods-news app for blockchain-frameworks.sh",
				"${BUILT_PRODUCTS_DIR}/Alamofire/Alamofire.framework",
				"${BUILT_PRODUCTS_DIR}/Kingfisher/Kingfisher.framework",
				"${BUILT_PRODUCTS_DIR}/Realm/Realm.framework",
				"${BUILT_PRODUCTS_DIR}/RealmSwift/RealmSwift.framework",
				"${BUILT_PRODUCTS_DIR}/RxCocoa/RxCocoa.framework",
				"${BUILT_PRODUCTS_DIR}/RxJSON/RxJSON.framework",
				"${BUILT_PRODUCTS_DIR}/RxSwift/RxSwift.framework",
				"${BUILT_PRODUCTS_DIR}/SwiftyJSON/SwiftyJSON.framework",
				"${BUILT_PRODUCTS_DIR}/YouTubePlayer/YouTubePlayer.framework",
			);
			name = "[CP] Embed Pods Frameworks";
			outputPaths = (
				"${TARGET_BUILD_DIR}/${FRAMEWORKS_FOLDER_PATH}/Alamofire.framework",
				"${TARGET_BUILD_DIR}/${FRAMEWORKS_FOLDER_PATH}/Kingfisher.framework",
				"${TARGET_BUILD_DIR}/${FRAMEWORKS_FOLDER_PATH}/Realm.framework",
				"${TARGET_BUILD_DIR}/${FRAMEWORKS_FOLDER_PATH}/RealmSwift.framework",
				"${TARGET_BUILD_DIR}/${FRAMEWORKS_FOLDER_PATH}/RxCocoa.framework",
				"${TARGET_BUILD_DIR}/${FRAMEWORKS_FOLDER_PATH}/RxJSON.framework",
				"${TARGET_BUILD_DIR}/${FRAMEWORKS_FOLDER_PATH}/RxSwift.framework",
				"${TARGET_BUILD_DIR}/${FRAMEWORKS_FOLDER_PATH}/SwiftyJSON.framework",
				"${TARGET_BUILD_DIR}/${FRAMEWORKS_FOLDER_PATH}/YouTubePlayer.framework",
			);
			runOnlyForDeploymentPostprocessing = 0;
			shellPath = /bin/sh;
			shellScript = "\"${SRCROOT}/Pods/Target Support Files/Pods-news app for blockchain/Pods-news app for blockchain-frameworks.sh\"\n";
			showEnvVarsInLog = 0;
		};
/* End PBXShellScriptBuildPhase section */

/* Begin PBXSourcesBuildPhase section */
		041F40CC207EDD48008DCA69 /* Sources */ = {
			isa = PBXSourcesBuildPhase;
			buildActionMask = 2147483647;
			files = (
				046963C120AAC86B00459EC8 /* ExchangeList.swift in Sources */,
				0469641720ABB87200459EC8 /* TransExpensesCell.swift in Sources */,
				04E4F021209B19BB00A2D0BF /* Timeline.swift in Sources */,
				046963D120AAC89200459EC8 /* SearchTradingPairController.swift in Sources */,
				046963B820AAC86B00459EC8 /* GetDataResult.swift in Sources */,
				046963CE20AAC89200459EC8 /* TransactionsController.swift in Sources */,
				0419422C20A42FB1006B26C6 /* News.swift in Sources */,
				046963D320AAC89200459EC8 /* SearchExchangesController.swift in Sources */,
				0469638920AAB20F00459EC8 /* WebDetailViewController.swift in Sources */,
				0469638820AAB20F00459EC8 /* defCurrency.swift in Sources */,
				0419422620A42F7E006B26C6 /* VideoDetailViewController.swift in Sources */,
				0469642320ABBC3800459EC8 /* WalletDetail.swift in Sources */,
				046963CF20AAC89200459EC8 /* CaculationFunction.swift in Sources */,
				046963BC20AAC86B00459EC8 /* AllTransactions.swift in Sources */,
				04BDD42A20A42B16009D8A0A /* NewsMenuBar.swift in Sources */,
				046963C020AAC86B00459EC8 /* CryptoCompareCoinsRealm.swift in Sources */,
				576FA90720976509005B6406 /* MarketsCoinTableViewCell.swift in Sources */,
				0469638B20AAB20F00459EC8 /* MoreOptionMainViewController.swift in Sources */,
				0469641B20ABB87200459EC8 /* TransCoinTypeCell.swift in Sources */,
				04BDD42620A42AFE009D8A0A /* GenuineCell.swift in Sources */,
				0419422420A42F7E006B26C6 /* HomeViewController.swift in Sources */,
				0469641820ABB87200459EC8 /* TransTradePairsCell.swift in Sources */,
				045BF2BC20A3F52C00796F2E /* CoinImageSetter.swift in Sources */,
				04BDD42420A42AF3009D8A0A /* NewsMenuCell.swift in Sources */,
				0419422320A42F7E006B26C6 /* NewsDetailViewController.swift in Sources */,
				045BF2BE20A4060600796F2E /* CoinsInWatchListRealm.swift in Sources */,
				57D9A43F20AC05F600344BB1 /* MemoryData.swift in Sources */,
				576FA8F42092E670005B6406 /* AppImage.swift in Sources */,
				046963DF20AAC8B400459EC8 /* APIErrors.swift in Sources */,
				576FA90B20980201005B6406 /* MarketFilterCollectionView.swift in Sources */,
				0419423420A43080006B26C6 /* APIService.swift in Sources */,
				0479A03D20A16584004A0433 /* GlobalDataRealm.swift in Sources */,
				04B982BC20AD06500020A6A8 /* CancelTouchKeyboard.swift in Sources */,
				576FA8FB2095DA82005B6406 /* MarketController.swift in Sources */,
				0419422D20A42FB1006B26C6 /* Video.swift in Sources */,
				04BDD41A20A42A9C009D8A0A /* NewsSliderViewCell.swift in Sources */,
				04E4F018209B19A700A2D0BF /* TimelineTableViewController.swift in Sources */,
				0469640520AAC8DE00459EC8 /* WalletsCell.swift in Sources */,
				04E4F01A209B19A700A2D0BF /* NewsFlashViewController.swift in Sources */,
				04BDD42E20A42B33009D8A0A /* SelectionViewCell.swift in Sources */,
				04BDD41C20A42AA9009D8A0A /* GenuineListViewCell.swift in Sources */,
				0469641F20ABB87200459EC8 /* HistoryTableViewCell.swift in Sources */,
				046963D420AAC89200459EC8 /* SearchCoinController.swift in Sources */,
				04BDD42C20A42B21009D8A0A /* NewsListViewCell.swift in Sources */,
				576FA8F92095D89F005B6406 /* MenuBar.swift in Sources */,
				046963C320AAC86B00459EC8 /* MarketCapCoin.swift in Sources */,
				046963E520AAC8B400459EC8 /* CryptoCompareClient.swift in Sources */,
				0469641D20ABB87200459EC8 /* TransPriceCell.swift in Sources */,
				576FA9092097D41A005B6406 /* WatchlistCell.swift in Sources */,
				04BDD42220A42AE6009D8A0A /* NewsSliderCell.swift in Sources */,
				0469642020ABB87200459EC8 /* HistoryLine.swift in Sources */,
				576FA90D20980641005B6406 /* MarketSortPickerView.swift in Sources */,
				04E4F022209B19BB00A2D0BF /* TimelinePoint.swift in Sources */,
				0469641620ABB87200459EC8 /* TransNumberCell.swift in Sources */,
				0469638720AAB20F00459EC8 /* DefaultCurrencyViewController.swift in Sources */,
				04BDD41E20A42AB6009D8A0A /* NewsCell.swift in Sources */,
				046963C220AAC86B00459EC8 /* SetDataResult.swift in Sources */,
				0469641A20ABB87200459EC8 /* TransDateCell.swift in Sources */,
				046963E020AAC8B400459EC8 /* Endpoint.swift in Sources */,
				0469641C20ABB87200459EC8 /* TransTimeCell.swift in Sources */,
				0469641920ABB87200459EC8 /* TransCoinMarketCell.swift in Sources */,
				0419422B20A42FB1006B26C6 /* Genuine.swift in Sources */,
				04E4F020209B19BB00A2D0BF /* TimelineTableViewCell.swift in Sources */,
				046963BD20AAC86B00459EC8 /* CryptoCompareCoin.swift in Sources */,
				046963E720AAC8B400459EC8 /* APIClient.swift in Sources */,
				0469638C20AAB20F00459EC8 /* defDisplayOpt.swift in Sources */,
				04E4F019209B19A700A2D0BF /* NewsFlash.swift in Sources */,
				046963BA20AAC86B00459EC8 /* SaveStructToRealmObjects.swift in Sources */,
				0469641E20ABB87200459EC8 /* TransAdditionalCell.swift in Sources */,
				0469638A20AAB20F00459EC8 /* WebMainViewController.swift in Sources */,
				5701A8FE209B6C3F00A216C4 /* MarketCollectionViewCell.swift in Sources */,
				576FA8F12092DA5C005B6406 /* ThemeColor.swift in Sources */,
				0469638D20AAB20F00459EC8 /* OtherDetailViewController.swift in Sources */,
				0469642120ABB87200459EC8 /* HistoryPoint.swift in Sources */,
				046963E620AAC8B400459EC8 /* MarketCapClient.swift in Sources */,
				0469640420AAC8DE00459EC8 /* CoinTypeTableViewCell.swift in Sources */,
				0419423520A43080006B26C6 /* Extensions.swift in Sources */,
				046963E120AAC8B400459EC8 /* MarketCapEndpoint.swift in Sources */,
				041F40D4207EDD48008DCA69 /* AppDelegate.swift in Sources */,
				0469638E20AAB20F00459EC8 /* OtherOptionViewController.swift in Sources */,
				04BDD42820A42B0A009D8A0A /* GenuineSliderCell.swift in Sources */,
				0419423620A43080006B26C6 /* BaseCell.swift in Sources */,
				046963D020AAC89200459EC8 /* WalletController.swift in Sources */,
				04BDD42020A42AC1009D8A0A /* VideoCell.swift in Sources */,
				576FA9002096ACD1005B6406 /* MarketsCell.swift in Sources */,
				046963D520AAC89200459EC8 /* TransactionFormData.swift in Sources */,
				046963E420AAC8B400459EC8 /* CryptoCompareEndpoint.swift in Sources */,
				046963BF20AAC86B00459EC8 /* CryptoCompareCoinListResult.swift in Sources */,
				576FA903209733ED005B6406 /* MarketsTotalView.swift in Sources */,
				046963CD20AAC89200459EC8 /* TransactionFrom.swift in Sources */,
				041519B420A283C70031D98F /* TickerDataRealm.swift in Sources */,
				1AF2BE2D20AE997800323D6A /* NewsDetailWebViewController.swift in Sources */,
				046963BB20AAC86B00459EC8 /* Exchange.swift in Sources */,
				046963E220AAC8B400459EC8 /* TickerDataFetcherV2.swift in Sources */,
				0419422520A42F7E006B26C6 /* GenuineDetailViewController.swift in Sources */,
				04BDD41820A42A87009D8A0A /* GenuineSliderViewCell.swift in Sources */,
			);
			runOnlyForDeploymentPostprocessing = 0;
		};
/* End PBXSourcesBuildPhase section */

/* Begin PBXVariantGroup section */
		041F40D7207EDD48008DCA69 /* Main.storyboard */ = {
			isa = PBXVariantGroup;
			children = (
				041F40D8207EDD48008DCA69 /* Base */,
			);
			name = Main.storyboard;
			sourceTree = "<group>";
		};
		041F40DF207EDD49008DCA69 /* LaunchScreen.storyboard */ = {
			isa = PBXVariantGroup;
			children = (
				041F40E0207EDD49008DCA69 /* Base */,
			);
			name = LaunchScreen.storyboard;
			sourceTree = "<group>";
		};
/* End PBXVariantGroup section */

/* Begin XCBuildConfiguration section */
		041F40E3207EDD49008DCA69 /* Debug */ = {
			isa = XCBuildConfiguration;
			buildSettings = {
				ALWAYS_SEARCH_USER_PATHS = NO;
				CLANG_ANALYZER_NONNULL = YES;
				CLANG_ANALYZER_NUMBER_OBJECT_CONVERSION = YES_AGGRESSIVE;
				CLANG_CXX_LANGUAGE_STANDARD = "gnu++14";
				CLANG_CXX_LIBRARY = "libc++";
				CLANG_ENABLE_MODULES = YES;
				CLANG_ENABLE_OBJC_ARC = YES;
				CLANG_ENABLE_OBJC_WEAK = YES;
				CLANG_WARN_BLOCK_CAPTURE_AUTORELEASING = YES;
				CLANG_WARN_BOOL_CONVERSION = YES;
				CLANG_WARN_COMMA = YES;
				CLANG_WARN_CONSTANT_CONVERSION = YES;
				CLANG_WARN_DEPRECATED_OBJC_IMPLEMENTATIONS = YES;
				CLANG_WARN_DIRECT_OBJC_ISA_USAGE = YES_ERROR;
				CLANG_WARN_DOCUMENTATION_COMMENTS = YES;
				CLANG_WARN_EMPTY_BODY = YES;
				CLANG_WARN_ENUM_CONVERSION = YES;
				CLANG_WARN_INFINITE_RECURSION = YES;
				CLANG_WARN_INT_CONVERSION = YES;
				CLANG_WARN_NON_LITERAL_NULL_CONVERSION = YES;
				CLANG_WARN_OBJC_IMPLICIT_RETAIN_SELF = YES;
				CLANG_WARN_OBJC_LITERAL_CONVERSION = YES;
				CLANG_WARN_OBJC_ROOT_CLASS = YES_ERROR;
				CLANG_WARN_RANGE_LOOP_ANALYSIS = YES;
				CLANG_WARN_STRICT_PROTOTYPES = YES;
				CLANG_WARN_SUSPICIOUS_MOVE = YES;
				CLANG_WARN_UNGUARDED_AVAILABILITY = YES_AGGRESSIVE;
				CLANG_WARN_UNREACHABLE_CODE = YES;
				CLANG_WARN__DUPLICATE_METHOD_MATCH = YES;
				CODE_SIGN_IDENTITY = "iPhone Developer";
				COPY_PHASE_STRIP = NO;
				DEBUG_INFORMATION_FORMAT = dwarf;
				ENABLE_STRICT_OBJC_MSGSEND = YES;
				ENABLE_TESTABILITY = YES;
				GCC_C_LANGUAGE_STANDARD = gnu11;
				GCC_DYNAMIC_NO_PIC = NO;
				GCC_NO_COMMON_BLOCKS = YES;
				GCC_OPTIMIZATION_LEVEL = 0;
				GCC_PREPROCESSOR_DEFINITIONS = (
					"DEBUG=1",
					"$(inherited)",
				);
				GCC_WARN_64_TO_32_BIT_CONVERSION = YES;
				GCC_WARN_ABOUT_RETURN_TYPE = YES_ERROR;
				GCC_WARN_UNDECLARED_SELECTOR = YES;
				GCC_WARN_UNINITIALIZED_AUTOS = YES_AGGRESSIVE;
				GCC_WARN_UNUSED_FUNCTION = YES;
				GCC_WARN_UNUSED_VARIABLE = YES;
				IPHONEOS_DEPLOYMENT_TARGET = 11.3;
				MTL_ENABLE_DEBUG_INFO = YES;
				ONLY_ACTIVE_ARCH = YES;
				SDKROOT = iphoneos;
				SWIFT_ACTIVE_COMPILATION_CONDITIONS = DEBUG;
				SWIFT_OPTIMIZATION_LEVEL = "-Onone";
			};
			name = Debug;
		};
		041F40E4207EDD49008DCA69 /* Release */ = {
			isa = XCBuildConfiguration;
			buildSettings = {
				ALWAYS_SEARCH_USER_PATHS = NO;
				CLANG_ANALYZER_NONNULL = YES;
				CLANG_ANALYZER_NUMBER_OBJECT_CONVERSION = YES_AGGRESSIVE;
				CLANG_CXX_LANGUAGE_STANDARD = "gnu++14";
				CLANG_CXX_LIBRARY = "libc++";
				CLANG_ENABLE_MODULES = YES;
				CLANG_ENABLE_OBJC_ARC = YES;
				CLANG_ENABLE_OBJC_WEAK = YES;
				CLANG_WARN_BLOCK_CAPTURE_AUTORELEASING = YES;
				CLANG_WARN_BOOL_CONVERSION = YES;
				CLANG_WARN_COMMA = YES;
				CLANG_WARN_CONSTANT_CONVERSION = YES;
				CLANG_WARN_DEPRECATED_OBJC_IMPLEMENTATIONS = YES;
				CLANG_WARN_DIRECT_OBJC_ISA_USAGE = YES_ERROR;
				CLANG_WARN_DOCUMENTATION_COMMENTS = YES;
				CLANG_WARN_EMPTY_BODY = YES;
				CLANG_WARN_ENUM_CONVERSION = YES;
				CLANG_WARN_INFINITE_RECURSION = YES;
				CLANG_WARN_INT_CONVERSION = YES;
				CLANG_WARN_NON_LITERAL_NULL_CONVERSION = YES;
				CLANG_WARN_OBJC_IMPLICIT_RETAIN_SELF = YES;
				CLANG_WARN_OBJC_LITERAL_CONVERSION = YES;
				CLANG_WARN_OBJC_ROOT_CLASS = YES_ERROR;
				CLANG_WARN_RANGE_LOOP_ANALYSIS = YES;
				CLANG_WARN_STRICT_PROTOTYPES = YES;
				CLANG_WARN_SUSPICIOUS_MOVE = YES;
				CLANG_WARN_UNGUARDED_AVAILABILITY = YES_AGGRESSIVE;
				CLANG_WARN_UNREACHABLE_CODE = YES;
				CLANG_WARN__DUPLICATE_METHOD_MATCH = YES;
				CODE_SIGN_IDENTITY = "iPhone Developer";
				COPY_PHASE_STRIP = NO;
				DEBUG_INFORMATION_FORMAT = "dwarf-with-dsym";
				ENABLE_NS_ASSERTIONS = NO;
				ENABLE_STRICT_OBJC_MSGSEND = YES;
				GCC_C_LANGUAGE_STANDARD = gnu11;
				GCC_NO_COMMON_BLOCKS = YES;
				GCC_WARN_64_TO_32_BIT_CONVERSION = YES;
				GCC_WARN_ABOUT_RETURN_TYPE = YES_ERROR;
				GCC_WARN_UNDECLARED_SELECTOR = YES;
				GCC_WARN_UNINITIALIZED_AUTOS = YES_AGGRESSIVE;
				GCC_WARN_UNUSED_FUNCTION = YES;
				GCC_WARN_UNUSED_VARIABLE = YES;
				IPHONEOS_DEPLOYMENT_TARGET = 11.3;
				MTL_ENABLE_DEBUG_INFO = NO;
				SDKROOT = iphoneos;
				SWIFT_COMPILATION_MODE = wholemodule;
				SWIFT_OPTIMIZATION_LEVEL = "-O";
				VALIDATE_PRODUCT = YES;
			};
			name = Release;
		};
		041F40E6207EDD49008DCA69 /* Debug */ = {
			isa = XCBuildConfiguration;
			baseConfigurationReference = E2B5A1DB09E3F04A1F83FF22 /* Pods-news app for blockchain.debug.xcconfig */;
			buildSettings = {
				ASSETCATALOG_COMPILER_APPICON_NAME = AppIcon;
				CODE_SIGN_STYLE = Automatic;
				DEVELOPMENT_TEAM = 37MSAELA6E;
				INFOPLIST_FILE = "news app for blockchain/Info.plist";
				IPHONEOS_DEPLOYMENT_TARGET = 11.3;
				LD_RUNPATH_SEARCH_PATHS = (
					"$(inherited)",
					"@executable_path/Frameworks",
				);
				PRODUCT_BUNDLE_IDENTIFIER = "BGL.news-app-for-blockchain";
				PRODUCT_NAME = "$(TARGET_NAME)";
				SWIFT_VERSION = 4.0;
				TARGETED_DEVICE_FAMILY = "1,2";
			};
			name = Debug;
		};
		041F40E7207EDD49008DCA69 /* Release */ = {
			isa = XCBuildConfiguration;
			baseConfigurationReference = 2021A9E52FD0BE1EC8D009DC /* Pods-news app for blockchain.release.xcconfig */;
			buildSettings = {
				ASSETCATALOG_COMPILER_APPICON_NAME = AppIcon;
				CODE_SIGN_STYLE = Automatic;
				DEVELOPMENT_TEAM = 37MSAELA6E;
				INFOPLIST_FILE = "news app for blockchain/Info.plist";
				IPHONEOS_DEPLOYMENT_TARGET = 11.3;
				LD_RUNPATH_SEARCH_PATHS = (
					"$(inherited)",
					"@executable_path/Frameworks",
				);
				PRODUCT_BUNDLE_IDENTIFIER = "BGL.news-app-for-blockchain";
				PRODUCT_NAME = "$(TARGET_NAME)";
				SWIFT_VERSION = 4.0;
				TARGETED_DEVICE_FAMILY = "1,2";
			};
			name = Release;
		};
/* End XCBuildConfiguration section */

/* Begin XCConfigurationList section */
		041F40CB207EDD47008DCA69 /* Build configuration list for PBXProject "news app for blockchain" */ = {
			isa = XCConfigurationList;
			buildConfigurations = (
				041F40E3207EDD49008DCA69 /* Debug */,
				041F40E4207EDD49008DCA69 /* Release */,
			);
			defaultConfigurationIsVisible = 0;
			defaultConfigurationName = Release;
		};
		041F40E5207EDD49008DCA69 /* Build configuration list for PBXNativeTarget "news app for blockchain" */ = {
			isa = XCConfigurationList;
			buildConfigurations = (
				041F40E6207EDD49008DCA69 /* Debug */,
				041F40E7207EDD49008DCA69 /* Release */,
			);
			defaultConfigurationIsVisible = 0;
			defaultConfigurationName = Release;
		};
/* End XCConfigurationList section */
	};
	rootObject = 041F40C8207EDD47008DCA69 /* Project object */;
}
